// !$*UTF8*$!
{
	archiveVersion = 1;
	classes = {
	};
	objectVersion = 56;
	objects = {

/* Begin PBXBuildFile section */
		006B0632E2C2476A9982CAAE /* DeployModels.swift in Sources */ = {isa = PBXBuildFile; fileRef = 7CF963244BFF408F98ABD912 /* DeployModels.swift */; };
		202B6B7A6A8D47A50AF8CD1D /* MdnsDiscovery.swift in Sources */ = {isa = PBXBuildFile; fileRef = C0D92CEF3361289B1A20C4AD /* MdnsDiscovery.swift */; };
		A3D4E5F60718293A4B6C7D8E /* DiscoveryDebugLog.swift in Sources */ = {isa = PBXBuildFile; fileRef = B4E5F60718293A4B6C7D8E9F /* DiscoveryDebugLog.swift */; };
		1A1A44870FC44C85A5A6E46E /* ChatMessageBodyView.swift in Sources */ = {isa = PBXBuildFile; fileRef = F59C19D9A912433DBE0BB946 /* ChatMessageBodyView.swift */; };
		1DA8FD0F9DA84F2095D80432 /* Theme.swift in Sources */ = {isa = PBXBuildFile; fileRef = 62B051ED330144A4BDA9B891 /* Theme.swift */; };
		292D86C975464FF18161FBC5 /* DevConnectionView.swift in Sources */ = {isa = PBXBuildFile; fileRef = 476CE6478F574095AD4BFDED /* DevConnectionView.swift */; };
		2D01B7D3D18741179C64493F /* DevClient.swift in Sources */ = {isa = PBXBuildFile; fileRef = EDB528F0F11F44FB8D640DF1 /* DevClient.swift */; };
		31FE598064284DC3AE1F74AF /* IssueListView.swift in Sources */ = {isa = PBXBuildFile; fileRef = 7880CAE8778D4E06A6F01F56 /* IssueListView.swift */; };
		3D43608DE3C244C297C4F6DA /* DevTaskConsoleView.swift in Sources */ = {isa = PBXBuildFile; fileRef = 599E6667CE6340CA94F082E2 /* DevTaskConsoleView.swift */; };
		3FB5A96CD9D4416F98E410C4 /* DevBrainLANDiscovery.swift in Sources */ = {isa = PBXBuildFile; fileRef = 74D11886F5C2480EBDF48B86 /* DevBrainLANDiscovery.swift */; };
		403C081C95174E6694F8212C /* ChatMention.swift in Sources */ = {isa = PBXBuildFile; fileRef = 637F26711D6E4DB3B381F830 /* ChatMention.swift */; };
		A1B2C3D4E5F6478990ABCD02 /* DevAgentProfile.swift in Sources */ = {isa = PBXBuildFile; fileRef = B2C3D4E5F6A7489012345AB02 /* DevAgentProfile.swift */; };
		406BB7577323427E8D722A94 /* DevKeyboard.swift in Sources */ = {isa = PBXBuildFile; fileRef = F7A7853072F14483A37647B8 /* DevKeyboard.swift */; };
		4180003C4552477BA50A62B2 /* DevMarkdownReadingSettings.swift in Sources */ = {isa = PBXBuildFile; fileRef = DD2E43B64F4641DC94D6E638 /* DevMarkdownReadingSettings.swift */; };
		46D342E7123B416380A13570 /* IssueAgentAnalysis.swift in Sources */ = {isa = PBXBuildFile; fileRef = 5C638AF2366441B8AA510341 /* IssueAgentAnalysis.swift */; };
		5452B3C975234B41B0685782 /* DevSelectableText.swift in Sources */ = {isa = PBXBuildFile; fileRef = 3510ECDED72F475FA9D1B616 /* DevSelectableText.swift */; };
		57041358D1B24245AF081078 /* DeployReleaseDetailView.swift in Sources */ = {isa = PBXBuildFile; fileRef = 380B72D5E1EE4913BFDAA4B5 /* DeployReleaseDetailView.swift */; };
		5AE5841BF7F743EFA62578A4 /* DeployConsoleView.swift in Sources */ = {isa = PBXBuildFile; fileRef = 51CD4FD837614E0A83C09D7A /* DeployConsoleView.swift */; };
		5B4F30CADAC140F09508B137 /* DevBrainConnectionUI.swift in Sources */ = {isa = PBXBuildFile; fileRef = D7BB3D13C8BA4093B2ED2622 /* DevBrainConnectionUI.swift */; };
		632CB6BA5B6840F686F5C977 /* DevMarkdownParse.swift in Sources */ = {isa = PBXBuildFile; fileRef = 7FF2AFB102404F8EB4F4123E /* DevMarkdownParse.swift */; };
		771FB4FD56D74E59B131D667 /* MarkdownReaderUITests.swift in Sources */ = {isa = PBXBuildFile; fileRef = 0774128A204A4A028582D91A /* MarkdownReaderUITests.swift */; };
		7740B8D53DF24AEBBC65F44C /* ChatModels.swift in Sources */ = {isa = PBXBuildFile; fileRef = 959A661F212B440994D4AA60 /* ChatModels.swift */; };
		778D70CEC0184C3D84CA9D54 /* DevSettings.swift in Sources */ = {isa = PBXBuildFile; fileRef = ED6F4231BBF741C384F1239C /* DevSettings.swift */; };
		7C1E705472E848668F9E2DD1 /* FleetModels.swift in Sources */ = {isa = PBXBuildFile; fileRef = 9E30B19E48F64FD39A53CF85 /* FleetModels.swift */; };
		7D6EFD7FFDD44BC5B6BA24A9 /* FleetConsoleView.swift in Sources */ = {isa = PBXBuildFile; fileRef = 1A8B9288C18D4975BF130ED4 /* FleetConsoleView.swift */; };
		8AF8544797CA4D3FBF7DF082 /* FixRecommendationCardsView.swift in Sources */ = {isa = PBXBuildFile; fileRef = 79CE486FA80E4F74B693DBF2 /* FixRecommendationCardsView.swift */; };
		91B315CD7210464FBAC8481B /* HomeAgentDevApp.swift in Sources */ = {isa = PBXBuildFile; fileRef = 719DDC08E165495E83B05B06 /* HomeAgentDevApp.swift */; };
		9634E736DAEA4E489458C747 /* Models.swift in Sources */ = {isa = PBXBuildFile; fileRef = 6ECD8E879C11440BA57833F2 /* Models.swift */; };
		A095BF4514424D8E8DC01BDC /* Assets.xcassets in Resources */ = {isa = PBXBuildFile; fileRef = E0289EE5DA624C87A5F9602D /* Assets.xcassets */; };
		A1B2C3D4E5F6478990ABCDEF /* HomeAgentDevSmokeUITests.swift in Sources */ = {isa = PBXBuildFile; fileRef = B2C3D4E5F6A748901234567 /* HomeAgentDevSmokeUITests.swift */; };
		B2A041751236428E94059AA6 /* DevBrainEndpoint.swift in Sources */ = {isa = PBXBuildFile; fileRef = 5FD2FEF266EA446589275C1B /* DevBrainEndpoint.swift */; };
		B8B3E6DD43974DA989AF2A78 /* ChatConsoleView.swift in Sources */ = {isa = PBXBuildFile; fileRef = 12BE980820D34085ADEE4956 /* ChatConsoleView.swift */; };
		A1B2C3D4E5F6478990ABCEF01 /* DevChatSpeechRecognizer.swift in Sources */ = {isa = PBXBuildFile; fileRef = B2C3D4E5F6A7489012345EF01 /* DevChatSpeechRecognizer.swift */; };
		C1D2E3F4A5B6478990ABCDEF0 /* DevBrainLANDiscoveryTests.swift in Sources */ = {isa = PBXBuildFile; fileRef = D2E3F4A5B6C7489012345678 /* DevBrainLANDiscoveryTests.swift */; };
		C7F79B9A0537492F8E7E00B8 /* DevActivityTimeline.swift in Sources */ = {isa = PBXBuildFile; fileRef = 63A44A1DB5D04FE9AC8CCDF4 /* DevActivityTimeline.swift */; };
		CD19C57B1FF441DB92A6D731 /* DevStore.swift in Sources */ = {isa = PBXBuildFile; fileRef = 5E632CE8E9CC43EBB1F3E136 /* DevStore.swift */; };
		D5461D6BE2F74B59852EEA4A /* ChatDocReference.swift in Sources */ = {isa = PBXBuildFile; fileRef = 16CB6C4F3EDC43D5AEEE2FE2 /* ChatDocReference.swift */; };
		D5807DD93A84456E80BC37E6 /* DocsConsoleView.swift in Sources */ = {isa = PBXBuildFile; fileRef = 68C503016F4242759F632720 /* DocsConsoleView.swift */; };
		D7D0EFBD39C441A78A8299B2 /* RootTabView.swift in Sources */ = {isa = PBXBuildFile; fileRef = 16D2B971958B414B8C5BEC47 /* RootTabView.swift */; };
		D9CFA6CEAD064B0298575082 /* DevAttachment.swift in Sources */ = {isa = PBXBuildFile; fileRef = 3386E805CF024B809BAA4DE9 /* DevAttachment.swift */; };
		DDA8AA5456754045AC233B0B /* DocsModels.swift in Sources */ = {isa = PBXBuildFile; fileRef = FA3FB8BDE86244EAB2870A14 /* DocsModels.swift */; };
		E1B9C9F010884655B2DCB8CC /* DevAccessibilityID.swift in Sources */ = {isa = PBXBuildFile; fileRef = F0E7B6BBF40140D9A8025BCD /* DevAccessibilityID.swift */; };
		E3E518E34C374640BBE1AE9A /* DevTaskCategory.swift in Sources */ = {isa = PBXBuildFile; fileRef = B533AC1A91C941A79C7E301A /* DevTaskCategory.swift */; };
		F05AE7134ACE4B04B66ACE7D /* DevStatsView.swift in Sources */ = {isa = PBXBuildFile; fileRef = 54A26A62A73545579D43B8DA /* DevStatsView.swift */; };
		F787CABA2D814559B7B22CBC /* DevMarkdownReader.swift in Sources */ = {isa = PBXBuildFile; fileRef = 5BA6AFF4DEE04F4695C18094 /* DevMarkdownReader.swift */; };
		F80A4CBEBD374B1C8975EE35 /* WireTime.swift in Sources */ = {isa = PBXBuildFile; fileRef = C5D649C32CF74066B3809011 /* WireTime.swift */; };
/* End PBXBuildFile section */

/* Begin PBXContainerItemProxy section */
		E8CB04F6391C424EA1D94386 /* PBXContainerItemProxy */ = {
			isa = PBXContainerItemProxy;
			containerPortal = A9FC646AC3C44CA2B5D0AC02 /* Project object */;
			proxyType = 1;
			remoteGlobalIDString = 4E97C4B0EBFF43808A37C7A8;
			remoteInfo = HomeAgentDev;
		};
/* End PBXContainerItemProxy section */

/* Begin PBXFileReference section */
		0774128A204A4A028582D91A /* MarkdownReaderUITests.swift */ = {isa = PBXFileReference; lastKnownFileType = sourcecode.swift; path = MarkdownReaderUITests.swift; sourceTree = "<group>"; };
		C0D92CEF3361289B1A20C4AD /* MdnsDiscovery.swift */ = {isa = PBXFileReference; lastKnownFileType = sourcecode.swift; path = MdnsDiscovery.swift; sourceTree = "<group>"; };
		B4E5F60718293A4B6C7D8E9F /* DiscoveryDebugLog.swift */ = {isa = PBXFileReference; lastKnownFileType = sourcecode.swift; path = DiscoveryDebugLog.swift; sourceTree = "<group>"; };
		12BE980820D34085ADEE4956 /* ChatConsoleView.swift */ = {isa = PBXFileReference; lastKnownFileType = sourcecode.swift; path = ChatConsoleView.swift; sourceTree = "<group>"; };
		B2C3D4E5F6A7489012345EF01 /* DevChatSpeechRecognizer.swift */ = {isa = PBXFileReference; lastKnownFileType = sourcecode.swift; path = DevChatSpeechRecognizer.swift; sourceTree = "<group>"; };
		16CB6C4F3EDC43D5AEEE2FE2 /* ChatDocReference.swift */ = {isa = PBXFileReference; lastKnownFileType = sourcecode.swift; path = ChatDocReference.swift; sourceTree = "<group>"; };
		16D2B971958B414B8C5BEC47 /* RootTabView.swift */ = {isa = PBXFileReference; lastKnownFileType = sourcecode.swift; path = RootTabView.swift; sourceTree = "<group>"; };
		1A8B9288C18D4975BF130ED4 /* FleetConsoleView.swift */ = {isa = PBXFileReference; lastKnownFileType = sourcecode.swift; path = FleetConsoleView.swift; sourceTree = "<group>"; };
		309D7B45A8414BC29F103AB7 /* HomeAgentDevUITests.xctest */ = {isa = PBXFileReference; explicitFileType = wrapper.cfbundle; includeInIndex = 0; path = HomeAgentDevUITests.xctest; sourceTree = BUILT_PRODUCTS_DIR; };
		3386E805CF024B809BAA4DE9 /* DevAttachment.swift */ = {isa = PBXFileReference; lastKnownFileType = sourcecode.swift; path = DevAttachment.swift; sourceTree = "<group>"; };
		3510ECDED72F475FA9D1B616 /* DevSelectableText.swift */ = {isa = PBXFileReference; lastKnownFileType = sourcecode.swift; path = DevSelectableText.swift; sourceTree = "<group>"; };
		380B72D5E1EE4913BFDAA4B5 /* DeployReleaseDetailView.swift */ = {isa = PBXFileReference; lastKnownFileType = sourcecode.swift; path = DeployReleaseDetailView.swift; sourceTree = "<group>"; };
		476CE6478F574095AD4BFDED /* DevConnectionView.swift */ = {isa = PBXFileReference; lastKnownFileType = sourcecode.swift; path = DevConnectionView.swift; sourceTree = "<group>"; };
		51CD4FD837614E0A83C09D7A /* DeployConsoleView.swift */ = {isa = PBXFileReference; lastKnownFileType = sourcecode.swift; path = DeployConsoleView.swift; sourceTree = "<group>"; };
		54A26A62A73545579D43B8DA /* DevStatsView.swift */ = {isa = PBXFileReference; lastKnownFileType = sourcecode.swift; path = DevStatsView.swift; sourceTree = "<group>"; };
		599E6667CE6340CA94F082E2 /* DevTaskConsoleView.swift */ = {isa = PBXFileReference; lastKnownFileType = sourcecode.swift; path = DevTaskConsoleView.swift; sourceTree = "<group>"; };
		5BA6AFF4DEE04F4695C18094 /* DevMarkdownReader.swift */ = {isa = PBXFileReference; lastKnownFileType = sourcecode.swift; path = DevMarkdownReader.swift; sourceTree = "<group>"; };
		5C638AF2366441B8AA510341 /* IssueAgentAnalysis.swift */ = {isa = PBXFileReference; lastKnownFileType = sourcecode.swift; path = IssueAgentAnalysis.swift; sourceTree = "<group>"; };
		5E632CE8E9CC43EBB1F3E136 /* DevStore.swift */ = {isa = PBXFileReference; lastKnownFileType = sourcecode.swift; path = DevStore.swift; sourceTree = "<group>"; };
		5F7F9EA8B1494458AC95AEBB /* Info.plist */ = {isa = PBXFileReference; lastKnownFileType = text.plist.xml; path = Info.plist; sourceTree = "<group>"; };
		5FD2FEF266EA446589275C1B /* DevBrainEndpoint.swift */ = {isa = PBXFileReference; lastKnownFileType = sourcecode.swift; path = DevBrainEndpoint.swift; sourceTree = "<group>"; };
		62B051ED330144A4BDA9B891 /* Theme.swift */ = {isa = PBXFileReference; lastKnownFileType = sourcecode.swift; path = Theme.swift; sourceTree = "<group>"; };
		637F26711D6E4DB3B381F830 /* ChatMention.swift */ = {isa = PBXFileReference; lastKnownFileType = sourcecode.swift; path = ChatMention.swift; sourceTree = "<group>"; };
		B2C3D4E5F6A7489012345AB02 /* DevAgentProfile.swift */ = {isa = PBXFileReference; lastKnownFileType = sourcecode.swift; path = DevAgentProfile.swift; sourceTree = "<group>"; };
		63A44A1DB5D04FE9AC8CCDF4 /* DevActivityTimeline.swift */ = {isa = PBXFileReference; lastKnownFileType = sourcecode.swift; path = DevActivityTimeline.swift; sourceTree = "<group>"; };
		68C503016F4242759F632720 /* DocsConsoleView.swift */ = {isa = PBXFileReference; lastKnownFileType = sourcecode.swift; path = DocsConsoleView.swift; sourceTree = "<group>"; };
		6ECD8E879C11440BA57833F2 /* Models.swift */ = {isa = PBXFileReference; lastKnownFileType = sourcecode.swift; path = Models.swift; sourceTree = "<group>"; };
		719DDC08E165495E83B05B06 /* HomeAgentDevApp.swift */ = {isa = PBXFileReference; lastKnownFileType = sourcecode.swift; path = HomeAgentDevApp.swift; sourceTree = "<group>"; };
		74D11886F5C2480EBDF48B86 /* DevBrainLANDiscovery.swift */ = {isa = PBXFileReference; lastKnownFileType = sourcecode.swift; path = DevBrainLANDiscovery.swift; sourceTree = "<group>"; };
		7880CAE8778D4E06A6F01F56 /* IssueListView.swift */ = {isa = PBXFileReference; lastKnownFileType = sourcecode.swift; path = IssueListView.swift; sourceTree = "<group>"; };
		79CE486FA80E4F74B693DBF2 /* FixRecommendationCardsView.swift */ = {isa = PBXFileReference; lastKnownFileType = sourcecode.swift; path = FixRecommendationCardsView.swift; sourceTree = "<group>"; };
		7CF963244BFF408F98ABD912 /* DeployModels.swift */ = {isa = PBXFileReference; lastKnownFileType = sourcecode.swift; path = DeployModels.swift; sourceTree = "<group>"; };
		7FF2AFB102404F8EB4F4123E /* DevMarkdownParse.swift */ = {isa = PBXFileReference; lastKnownFileType = sourcecode.swift; path = DevMarkdownParse.swift; sourceTree = "<group>"; };
		959A661F212B440994D4AA60 /* ChatModels.swift */ = {isa = PBXFileReference; lastKnownFileType = sourcecode.swift; path = ChatModels.swift; sourceTree = "<group>"; };
		9E30B19E48F64FD39A53CF85 /* FleetModels.swift */ = {isa = PBXFileReference; lastKnownFileType = sourcecode.swift; path = FleetModels.swift; sourceTree = "<group>"; };
		B2C3D4E5F6A748901234567 /* HomeAgentDevSmokeUITests.swift */ = {isa = PBXFileReference; lastKnownFileType = sourcecode.swift; path = HomeAgentDevSmokeUITests.swift; sourceTree = "<group>"; };
		B533AC1A91C941A79C7E301A /* DevTaskCategory.swift */ = {isa = PBXFileReference; lastKnownFileType = sourcecode.swift; path = DevTaskCategory.swift; sourceTree = "<group>"; };
		C5D649C32CF74066B3809011 /* WireTime.swift */ = {isa = PBXFileReference; lastKnownFileType = sourcecode.swift; path = WireTime.swift; sourceTree = "<group>"; };
		D2E3F4A5B6C7489012345678 /* DevBrainLANDiscoveryTests.swift */ = {isa = PBXFileReference; lastKnownFileType = sourcecode.swift; path = DevBrainLANDiscoveryTests.swift; sourceTree = "<group>"; };
		D7BB3D13C8BA4093B2ED2622 /* DevBrainConnectionUI.swift */ = {isa = PBXFileReference; lastKnownFileType = sourcecode.swift; path = DevBrainConnectionUI.swift; sourceTree = "<group>"; };
		DD2E43B64F4641DC94D6E638 /* DevMarkdownReadingSettings.swift */ = {isa = PBXFileReference; lastKnownFileType = sourcecode.swift; path = DevMarkdownReadingSettings.swift; sourceTree = "<group>"; };
		E0289EE5DA624C87A5F9602D /* Assets.xcassets */ = {isa = PBXFileReference; lastKnownFileType = folder.assetcatalog; path = Assets.xcassets; sourceTree = "<group>"; };
		ED6F4231BBF741C384F1239C /* DevSettings.swift */ = {isa = PBXFileReference; lastKnownFileType = sourcecode.swift; path = DevSettings.swift; sourceTree = "<group>"; };
		EDB528F0F11F44FB8D640DF1 /* DevClient.swift */ = {isa = PBXFileReference; lastKnownFileType = sourcecode.swift; path = DevClient.swift; sourceTree = "<group>"; };
		F0E7B6BBF40140D9A8025BCD /* DevAccessibilityID.swift */ = {isa = PBXFileReference; lastKnownFileType = sourcecode.swift; path = DevAccessibilityID.swift; sourceTree = "<group>"; };
		F59C19D9A912433DBE0BB946 /* ChatMessageBodyView.swift */ = {isa = PBXFileReference; lastKnownFileType = sourcecode.swift; path = ChatMessageBodyView.swift; sourceTree = "<group>"; };
		F7A7853072F14483A37647B8 /* DevKeyboard.swift */ = {isa = PBXFileReference; lastKnownFileType = sourcecode.swift; path = DevKeyboard.swift; sourceTree = "<group>"; };
		FA3FB8BDE86244EAB2870A14 /* DocsModels.swift */ = {isa = PBXFileReference; lastKnownFileType = sourcecode.swift; path = DocsModels.swift; sourceTree = "<group>"; };
		FFF42CB4C6BB4282B54EA188 /* HomeAgentDev.app */ = {isa = PBXFileReference; explicitFileType = wrapper.application; includeInIndex = 0; path = HomeAgentDev.app; sourceTree = BUILT_PRODUCTS_DIR; };
/* End PBXFileReference section */

/* Begin PBXFrameworksBuildPhase section */
		51521FFA8CD344C0AC260194 /* Frameworks */ = {
			isa = PBXFrameworksBuildPhase;
			buildActionMask = 2147483647;
			files = (
			);
			runOnlyForDeploymentPostprocessing = 0;
		};
		66797C4747DD4B7C8E09AA09 /* Frameworks */ = {
			isa = PBXFrameworksBuildPhase;
			buildActionMask = 2147483647;
			files = (
			);
			runOnlyForDeploymentPostprocessing = 0;
		};
/* End PBXFrameworksBuildPhase section */

/* Begin PBXGroup section */
		0C4A399045A34E869958CBE3 /* HomeAgentDevUITests */ = {
			isa = PBXGroup;
			children = (
				0774128A204A4A028582D91A /* MarkdownReaderUITests.swift */,
				B2C3D4E5F6A748901234567 /* HomeAgentDevSmokeUITests.swift */,
				D2E3F4A5B6C7489012345678 /* DevBrainLANDiscoveryTests.swift */,
			);
			path = HomeAgentDevUITests;
			sourceTree = "<group>";
		};
		BA743925EA084E1681BA3970 /* Products */ = {
			isa = PBXGroup;
			children = (
				FFF42CB4C6BB4282B54EA188 /* HomeAgentDev.app */,
				309D7B45A8414BC29F103AB7 /* HomeAgentDevUITests.xctest */,
			);
			name = Products;
			sourceTree = "<group>";
		};
		D7589A73BDD648DDBBE59C02 /* HomeAgentDev */ = {
			isa = PBXGroup;
			children = (
				C0D92CEF3361289B1A20C4AD /* MdnsDiscovery.swift */,
				B4E5F60718293A4B6C7D8E9F /* DiscoveryDebugLog.swift */,
				12BE980820D34085ADEE4956 /* ChatConsoleView.swift */,
				16CB6C4F3EDC43D5AEEE2FE2 /* ChatDocReference.swift */,
				637F26711D6E4DB3B381F830 /* ChatMention.swift */,
				B2C3D4E5F6A7489012345AB02 /* DevAgentProfile.swift */,
				F59C19D9A912433DBE0BB946 /* ChatMessageBodyView.swift */,
				959A661F212B440994D4AA60 /* ChatModels.swift */,
				B2C3D4E5F6A7489012345EF01 /* DevChatSpeechRecognizer.swift */,
				51CD4FD837614E0A83C09D7A /* DeployConsoleView.swift */,
				7CF963244BFF408F98ABD912 /* DeployModels.swift */,
				380B72D5E1EE4913BFDAA4B5 /* DeployReleaseDetailView.swift */,
				F0E7B6BBF40140D9A8025BCD /* DevAccessibilityID.swift */,
				63A44A1DB5D04FE9AC8CCDF4 /* DevActivityTimeline.swift */,
				3386E805CF024B809BAA4DE9 /* DevAttachment.swift */,
				D7BB3D13C8BA4093B2ED2622 /* DevBrainConnectionUI.swift */,
				5FD2FEF266EA446589275C1B /* DevBrainEndpoint.swift */,
				74D11886F5C2480EBDF48B86 /* DevBrainLANDiscovery.swift */,
				EDB528F0F11F44FB8D640DF1 /* DevClient.swift */,
				476CE6478F574095AD4BFDED /* DevConnectionView.swift */,
				F7A7853072F14483A37647B8 /* DevKeyboard.swift */,
				7FF2AFB102404F8EB4F4123E /* DevMarkdownParse.swift */,
				5BA6AFF4DEE04F4695C18094 /* DevMarkdownReader.swift */,
				DD2E43B64F4641DC94D6E638 /* DevMarkdownReadingSettings.swift */,
				3510ECDED72F475FA9D1B616 /* DevSelectableText.swift */,
				ED6F4231BBF741C384F1239C /* DevSettings.swift */,
				54A26A62A73545579D43B8DA /* DevStatsView.swift */,
				5E632CE8E9CC43EBB1F3E136 /* DevStore.swift */,
				B533AC1A91C941A79C7E301A /* DevTaskCategory.swift */,
				599E6667CE6340CA94F082E2 /* DevTaskConsoleView.swift */,
				68C503016F4242759F632720 /* DocsConsoleView.swift */,
				FA3FB8BDE86244EAB2870A14 /* DocsModels.swift */,
				79CE486FA80E4F74B693DBF2 /* FixRecommendationCardsView.swift */,
				1A8B9288C18D4975BF130ED4 /* FleetConsoleView.swift */,
				9E30B19E48F64FD39A53CF85 /* FleetModels.swift */,
				719DDC08E165495E83B05B06 /* HomeAgentDevApp.swift */,
				5C638AF2366441B8AA510341 /* IssueAgentAnalysis.swift */,
				7880CAE8778D4E06A6F01F56 /* IssueListView.swift */,
				6ECD8E879C11440BA57833F2 /* Models.swift */,
				16D2B971958B414B8C5BEC47 /* RootTabView.swift */,
				62B051ED330144A4BDA9B891 /* Theme.swift */,
				C5D649C32CF74066B3809011 /* WireTime.swift */,
				5F7F9EA8B1494458AC95AEBB /* Info.plist */,
				E0289EE5DA624C87A5F9602D /* Assets.xcassets */,
			);
			path = HomeAgentDev;
			sourceTree = "<group>";
		};
		F9D44AEE52EF4E89B09F86AB = {
			isa = PBXGroup;
			children = (
				D7589A73BDD648DDBBE59C02 /* HomeAgentDev */,
				0C4A399045A34E869958CBE3 /* HomeAgentDevUITests */,
				BA743925EA084E1681BA3970 /* Products */,
			);
			sourceTree = "<group>";
		};
/* End PBXGroup section */

/* Begin PBXNativeTarget section */
		4E97C4B0EBFF43808A37C7A8 /* HomeAgentDev */ = {
			isa = PBXNativeTarget;
			buildConfigurationList = CAD264D142574252993B89A0 /* Build configuration list for PBXNativeTarget "HomeAgentDev" */;
			buildPhases = (
				9C08056C71084EF29FB1FE86 /* Sources */,
				66797C4747DD4B7C8E09AA09 /* Frameworks */,
				4B194A44B4A54052B6667322 /* Resources */,
			);
			buildRules = (
			);
			dependencies = (
			);
			name = HomeAgentDev;
			packageProductDependencies = (
			);
			productName = HomeAgentDev;
			productReference = FFF42CB4C6BB4282B54EA188 /* HomeAgentDev.app */;
			productType = "com.apple.product-type.application";
		};
		8E945D11DE4C49EA9A0C4631 /* HomeAgentDevUITests */ = {
			isa = PBXNativeTarget;
			buildConfigurationList = A41FC2DF0D7A4D0687D08BFB /* Build configuration list for PBXNativeTarget "HomeAgentDevUITests" */;
			buildPhases = (
				BC2424F0C19141AB932A6B4A /* Sources */,
				51521FFA8CD344C0AC260194 /* Frameworks */,
				64C89038A92045B5B88C13B9 /* Resources */,
			);
			buildRules = (
			);
			dependencies = (
				2D0B5BE5E4D34D4CB55A2327 /* PBXTargetDependency */,
			);
			name = HomeAgentDevUITests;
			productName = HomeAgentDevUITests;
			productReference = 309D7B45A8414BC29F103AB7 /* HomeAgentDevUITests.xctest */;
			productType = "com.apple.product-type.bundle.ui-testing";
		};
/* End PBXNativeTarget section */

/* Begin PBXProject section */
		A9FC646AC3C44CA2B5D0AC02 /* Project object */ = {
			isa = PBXProject;
			attributes = {
				BuildIndependentTargetsInParallel = 1;
				LastSwiftUpdateCheck = 1500;
				LastUpgradeCheck = 1500;
			};
			buildConfigurationList = A7B613FE9D66435295EFF65F /* Build configuration list for PBXProject "HomeAgentDev" */;
			compatibilityVersion = "Xcode 14.0";
			developmentRegion = en;
			hasScannedForEncodings = 0;
			knownRegions = (
				en,
				Base,
			);
			mainGroup = F9D44AEE52EF4E89B09F86AB;
			packageReferences = (
			);
			productRefGroup = BA743925EA084E1681BA3970 /* Products */;
			projectDirPath = "";
			projectRoot = "";
			targets = (
				4E97C4B0EBFF43808A37C7A8 /* HomeAgentDev */,
				8E945D11DE4C49EA9A0C4631 /* HomeAgentDevUITests */,
			);
		};
/* End PBXProject section */

/* Begin PBXResourcesBuildPhase section */
		4B194A44B4A54052B6667322 /* Resources */ = {
			isa = PBXResourcesBuildPhase;
			buildActionMask = 2147483647;
			files = (
				A095BF4514424D8E8DC01BDC /* Assets.xcassets in Resources */,
			);
			runOnlyForDeploymentPostprocessing = 0;
		};
		64C89038A92045B5B88C13B9 /* Resources */ = {
			isa = PBXResourcesBuildPhase;
			buildActionMask = 2147483647;
			files = (
			);
			runOnlyForDeploymentPostprocessing = 0;
		};
/* End PBXResourcesBuildPhase section */

/* Begin PBXSourcesBuildPhase section */
		9C08056C71084EF29FB1FE86 /* Sources */ = {
			isa = PBXSourcesBuildPhase;
			buildActionMask = 2147483647;
			files = (
				202B6B7A6A8D47A50AF8CD1D /* MdnsDiscovery.swift in Sources */,
				A3D4E5F60718293A4B6C7D8E /* DiscoveryDebugLog.swift in Sources */,
				B8B3E6DD43974DA989AF2A78 /* ChatConsoleView.swift in Sources */,
				D5461D6BE2F74B59852EEA4A /* ChatDocReference.swift in Sources */,
				403C081C95174E6694F8212C /* ChatMention.swift in Sources */,
				A1B2C3D4E5F6478990ABCD02 /* DevAgentProfile.swift in Sources */,
				1A1A44870FC44C85A5A6E46E /* ChatMessageBodyView.swift in Sources */,
				7740B8D53DF24AEBBC65F44C /* ChatModels.swift in Sources */,
				A1B2C3D4E5F6478990ABCEF01 /* DevChatSpeechRecognizer.swift in Sources */,
				5AE5841BF7F743EFA62578A4 /* DeployConsoleView.swift in Sources */,
				006B0632E2C2476A9982CAAE /* DeployModels.swift in Sources */,
				57041358D1B24245AF081078 /* DeployReleaseDetailView.swift in Sources */,
				E1B9C9F010884655B2DCB8CC /* DevAccessibilityID.swift in Sources */,
				C7F79B9A0537492F8E7E00B8 /* DevActivityTimeline.swift in Sources */,
				D9CFA6CEAD064B0298575082 /* DevAttachment.swift in Sources */,
				5B4F30CADAC140F09508B137 /* DevBrainConnectionUI.swift in Sources */,
				B2A041751236428E94059AA6 /* DevBrainEndpoint.swift in Sources */,
				3FB5A96CD9D4416F98E410C4 /* DevBrainLANDiscovery.swift in Sources */,
				2D01B7D3D18741179C64493F /* DevClient.swift in Sources */,
				292D86C975464FF18161FBC5 /* DevConnectionView.swift in Sources */,
				406BB7577323427E8D722A94 /* DevKeyboard.swift in Sources */,
				632CB6BA5B6840F686F5C977 /* DevMarkdownParse.swift in Sources */,
				F787CABA2D814559B7B22CBC /* DevMarkdownReader.swift in Sources */,
				4180003C4552477BA50A62B2 /* DevMarkdownReadingSettings.swift in Sources */,
				5452B3C975234B41B0685782 /* DevSelectableText.swift in Sources */,
				778D70CEC0184C3D84CA9D54 /* DevSettings.swift in Sources */,
				F05AE7134ACE4B04B66ACE7D /* DevStatsView.swift in Sources */,
				CD19C57B1FF441DB92A6D731 /* DevStore.swift in Sources */,
				E3E518E34C374640BBE1AE9A /* DevTaskCategory.swift in Sources */,
				3D43608DE3C244C297C4F6DA /* DevTaskConsoleView.swift in Sources */,
				D5807DD93A84456E80BC37E6 /* DocsConsoleView.swift in Sources */,
				DDA8AA5456754045AC233B0B /* DocsModels.swift in Sources */,
				8AF8544797CA4D3FBF7DF082 /* FixRecommendationCardsView.swift in Sources */,
				7D6EFD7FFDD44BC5B6BA24A9 /* FleetConsoleView.swift in Sources */,
				7C1E705472E848668F9E2DD1 /* FleetModels.swift in Sources */,
				91B315CD7210464FBAC8481B /* HomeAgentDevApp.swift in Sources */,
				46D342E7123B416380A13570 /* IssueAgentAnalysis.swift in Sources */,
				31FE598064284DC3AE1F74AF /* IssueListView.swift in Sources */,
				9634E736DAEA4E489458C747 /* Models.swift in Sources */,
				D7D0EFBD39C441A78A8299B2 /* RootTabView.swift in Sources */,
				1DA8FD0F9DA84F2095D80432 /* Theme.swift in Sources */,
				F80A4CBEBD374B1C8975EE35 /* WireTime.swift in Sources */,
			);
			runOnlyForDeploymentPostprocessing = 0;
		};
		BC2424F0C19141AB932A6B4A /* Sources */ = {
			isa = PBXSourcesBuildPhase;
			buildActionMask = 2147483647;
			files = (
				771FB4FD56D74E59B131D667 /* MarkdownReaderUITests.swift in Sources */,
				A1B2C3D4E5F6478990ABCDEF /* HomeAgentDevSmokeUITests.swift in Sources */,
				C1D2E3F4A5B6478990ABCDEF0 /* DevBrainLANDiscoveryTests.swift in Sources */,
			);
			runOnlyForDeploymentPostprocessing = 0;
		};
/* End PBXSourcesBuildPhase section */

/* Begin PBXTargetDependency section */
		2D0B5BE5E4D34D4CB55A2327 /* PBXTargetDependency */ = {
			isa = PBXTargetDependency;
			target = 4E97C4B0EBFF43808A37C7A8 /* HomeAgentDev */;
			targetProxy = E8CB04F6391C424EA1D94386 /* PBXContainerItemProxy */;
		};
/* End PBXTargetDependency section */

/* Begin XCBuildConfiguration section */
		54B7E02426134CD9B31A3FF3 /* Release */ = {
			isa = XCBuildConfiguration;
			buildSettings = {
				ALWAYS_SEARCH_USER_PATHS = NO;
				CLANG_ENABLE_MODULES = YES;
				CLANG_ENABLE_OBJC_ARC = YES;
				COPY_PHASE_STRIP = NO;
				DEBUG_INFORMATION_FORMAT = "dwarf-with-dsym";
				IPHONEOS_DEPLOYMENT_TARGET = 16.0;
				SDKROOT = iphoneos;
				SWIFT_VERSION = 5.0;
			};
			name = Release;
		};
		A0CCE3DD886C43F59159BFD6 /* Release */ = {
			isa = XCBuildConfiguration;
			buildSettings = {
				ASSETCATALOG_COMPILER_APPICON_NAME = AppIcon;
				CODE_SIGN_STYLE = Automatic;
				CURRENT_PROJECT_VERSION = 1;
				DEFINES_MODULE = YES;
				DEVELOPMENT_TEAM = JD4B775BJ5;
				ENABLE_PREVIEWS = YES;
				GENERATE_INFOPLIST_FILE = NO;
				INFOPLIST_FILE = HomeAgentDev/Info.plist;
				LD_RUNPATH_SEARCH_PATHS = (
					"$(inherited)",
					"@executable_path/Frameworks",
				);
				MARKETING_VERSION = 0.1.0;
				PRODUCT_BUNDLE_IDENTIFIER = com.gaolei.homeagent.dev;
				PRODUCT_NAME = "$(TARGET_NAME)";
				SUPPORTED_PLATFORMS = "iphoneos iphonesimulator";
				SUPPORTS_MACCATALYST = NO;
				SWIFT_EMIT_LOC_STRINGS = YES;
				TARGETED_DEVICE_FAMILY = "1,2";
			};
			name = Release;
		};
		A320D7C4CCC448A69A37BC4A /* Debug */ = {
			isa = XCBuildConfiguration;
			buildSettings = {
				ALWAYS_SEARCH_USER_PATHS = NO;
				CLANG_ENABLE_MODULES = YES;
				CLANG_ENABLE_OBJC_ARC = YES;
				COPY_PHASE_STRIP = NO;
				DEBUG_INFORMATION_FORMAT = dwarf;
				GCC_DYNAMIC_NO_PIC = NO;
				GCC_OPTIMIZATION_LEVEL = 0;
				IPHONEOS_DEPLOYMENT_TARGET = 16.0;
				ONLY_ACTIVE_ARCH = YES;
				SDKROOT = iphoneos;
				SWIFT_ACTIVE_COMPILATION_CONDITIONS = DEBUG;
				SWIFT_OPTIMIZATION_LEVEL = "-Onone";
				SWIFT_VERSION = 5.0;
			};
			name = Debug;
		};
		B9C63FBAA6D848DCA962A1D7 /* Debug */ = {
			isa = XCBuildConfiguration;
			buildSettings = {
				ASSETCATALOG_COMPILER_APPICON_NAME = AppIcon;
				CODE_SIGN_STYLE = Automatic;
				CURRENT_PROJECT_VERSION = 1;
				DEFINES_MODULE = YES;
				DEVELOPMENT_TEAM = JD4B775BJ5;
				ENABLE_PREVIEWS = YES;
				GENERATE_INFOPLIST_FILE = NO;
				INFOPLIST_FILE = HomeAgentDev/Info.plist;
				LD_RUNPATH_SEARCH_PATHS = (
					"$(inherited)",
					"@executable_path/Frameworks",
				);
				MARKETING_VERSION = 0.1.0;
				PRODUCT_BUNDLE_IDENTIFIER = com.gaolei.homeagent.dev;
				PRODUCT_NAME = "$(TARGET_NAME)";
				SUPPORTED_PLATFORMS = "iphoneos iphonesimulator";
				SUPPORTS_MACCATALYST = NO;
				SWIFT_EMIT_LOC_STRINGS = YES;
				TARGETED_DEVICE_FAMILY = "1,2";
			};
			name = Debug;
		};
		D6B6935549F24219B473E695 /* Debug */ = {
			isa = XCBuildConfiguration;
			buildSettings = {
				CODE_SIGN_STYLE = Automatic;
				CURRENT_PROJECT_VERSION = 1;
				DEFINES_MODULE = YES;
				DEVELOPMENT_TEAM = "";
				GENERATE_INFOPLIST_FILE = YES;
				IPHONEOS_DEPLOYMENT_TARGET = 16.0;
				MARKETING_VERSION = 0.1.0;
				PRODUCT_BUNDLE_IDENTIFIER = com.gaolei.homeagent.dev.uitests;
				PRODUCT_NAME = "$(TARGET_NAME)";
				SWIFT_EMIT_LOC_STRINGS = NO;
				SWIFT_VERSION = 5.0;
				TARGETED_DEVICE_FAMILY = "1,2";
				TEST_TARGET_NAME = HomeAgentDev;
			};
			name = Debug;
		};
		E0D0C79EC53F4B49BDA12AE2 /* Release */ = {
			isa = XCBuildConfiguration;
			buildSettings = {
				CODE_SIGN_STYLE = Automatic;
				CURRENT_PROJECT_VERSION = 1;
				DEFINES_MODULE = YES;
				DEVELOPMENT_TEAM = "";
				GENERATE_INFOPLIST_FILE = YES;
				IPHONEOS_DEPLOYMENT_TARGET = 16.0;
				MARKETING_VERSION = 0.1.0;
				PRODUCT_BUNDLE_IDENTIFIER = com.gaolei.homeagent.dev.uitests;
				PRODUCT_NAME = "$(TARGET_NAME)";
				SWIFT_EMIT_LOC_STRINGS = NO;
				SWIFT_VERSION = 5.0;
				TARGETED_DEVICE_FAMILY = "1,2";
				TEST_TARGET_NAME = HomeAgentDev;
			};
			name = Release;
		};
/* End XCBuildConfiguration section */

/* Begin XCConfigurationList section */
		A41FC2DF0D7A4D0687D08BFB /* Build configuration list for PBXNativeTarget "HomeAgentDevUITests" */ = {
			isa = XCConfigurationList;
			buildConfigurations = (
				D6B6935549F24219B473E695 /* Debug */,
				E0D0C79EC53F4B49BDA12AE2 /* Release */,
			);
			defaultConfigurationIsVisible = 0;
			defaultConfigurationName = Release;
		};
		A7B613FE9D66435295EFF65F /* Build configuration list for PBXProject "HomeAgentDev" */ = {
			isa = XCConfigurationList;
			buildConfigurations = (
				A320D7C4CCC448A69A37BC4A /* Debug */,
				54B7E02426134CD9B31A3FF3 /* Release */,
			);
			defaultConfigurationIsVisible = 0;
			defaultConfigurationName = Release;
		};
		CAD264D142574252993B89A0 /* Build configuration list for PBXNativeTarget "HomeAgentDev" */ = {
			isa = XCConfigurationList;
			buildConfigurations = (
				B9C63FBAA6D848DCA962A1D7 /* Debug */,
				A0CCE3DD886C43F59159BFD6 /* Release */,
			);
			defaultConfigurationIsVisible = 0;
			defaultConfigurationName = Release;
		};
/* End XCConfigurationList section */
	};
	rootObject = A9FC646AC3C44CA2B5D0AC02 /* Project object */;
}
