// !$*UTF8*$!
{
	archiveVersion = 1;
	classes = {};
	objectVersion = 56;
	objects = {

/* Begin PBXBuildFile section */
		2F988584949F4D31AD2EC173 /* AppDelegate.swift in Sources */ = {isa = PBXBuildFile; fileRef = B7B991612C1340DF9EF6CCBF /* AppDelegate.swift */; };
		F0A2D88DB7BC4294B35D5E9D /* HomeMicController.swift in Sources */ = {isa = PBXBuildFile; fileRef = 88A8E0B5D75D46D984F01022 /* HomeMicController.swift */; };
		ADFE4DC2714C49D9AC2EAF07 /* HomeMicEnergyGate.swift in Sources */ = {isa = PBXBuildFile; fileRef = B49748F879E94AF0B6FB305B /* HomeMicEnergyGate.swift */; };
		436109565059466A99C2BDE6 /* HomeMicHap1Client.swift in Sources */ = {isa = PBXBuildFile; fileRef = A3D42812D5644B47A0D2EC58 /* HomeMicHap1Client.swift */; };
		468EC1876D3849AC859E9F5E /* HomeMicPcmCapture.swift in Sources */ = {isa = PBXBuildFile; fileRef = 383EE92AD06B44DF91C613B4 /* HomeMicPcmCapture.swift */; };
		F0DF4BAA1AB84E888DD6AEF4 /* HomeMicSettings.swift in Sources */ = {isa = PBXBuildFile; fileRef = 336BAA56E5314614BEBECA77 /* HomeMicSettings.swift */; };
		9C105DCEA17E462CA44F9FB5 /* PickupIdentity.swift in Sources */ = {isa = PBXBuildFile; fileRef = B200D198027B44D0952C0ACA /* PickupIdentity.swift */; };
		E7045540BC464751BB8A5ECE /* HomeMicViewController.swift in Sources */ = {isa = PBXBuildFile; fileRef = FEDE6AA5B0AA4CCEBC0FD44C /* HomeMicViewController.swift */; };
		E719D8ADB0104F84A5DB3A32 /* SettingsViewController.swift in Sources */ = {isa = PBXBuildFile; fileRef = 69D5FD845C3B41CA98B840C4 /* SettingsViewController.swift */; };
		739F7122391148999859825E /* PickupTheme.swift in Sources */ = {isa = PBXBuildFile; fileRef = 7E8FDBB5621E4F8F99384110 /* PickupTheme.swift */; };
		2D612AAB503345F1A07A70D7 /* Assets.xcassets in Resources */ = {isa = PBXBuildFile; fileRef = 4244EBED6F2A43E69CE039B9 /* Assets.xcassets */; };
		67A1E26F36AE443C9F176890 /* wake_ack_wozaine.caf in Resources */ = {isa = PBXBuildFile; fileRef = B897445A067242C8964C9012 /* wake_ack_wozaine.caf */; };
		1C752385D94F476890C63B3B /* wake_ack_youzale.caf in Resources */ = {isa = PBXBuildFile; fileRef = 4FCB6B67495C4130A5C3498D /* wake_ack_youzale.caf */; };
/* End PBXBuildFile section */

/* Begin PBXFileReference section */
		430B0D1D7C0C42BFAB7A8A09 /* LivingRoomPickup.app */ = {isa = PBXFileReference; explicitFileType = wrapper.application; includeInIndex = 0; path = LivingRoomPickup.app; sourceTree = BUILT_PRODUCTS_DIR; };
		B7B991612C1340DF9EF6CCBF /* AppDelegate.swift */ = {isa = PBXFileReference; lastKnownFileType = sourcecode.swift; path = AppDelegate.swift; sourceTree = "<group>"; };
		88A8E0B5D75D46D984F01022 /* HomeMicController.swift */ = {isa = PBXFileReference; lastKnownFileType = sourcecode.swift; path = HomeMicController.swift; sourceTree = "<group>"; };
		B49748F879E94AF0B6FB305B /* HomeMicEnergyGate.swift */ = {isa = PBXFileReference; lastKnownFileType = sourcecode.swift; path = HomeMicEnergyGate.swift; sourceTree = "<group>"; };
		A3D42812D5644B47A0D2EC58 /* HomeMicHap1Client.swift */ = {isa = PBXFileReference; lastKnownFileType = sourcecode.swift; path = HomeMicHap1Client.swift; sourceTree = "<group>"; };
		383EE92AD06B44DF91C613B4 /* HomeMicPcmCapture.swift */ = {isa = PBXFileReference; lastKnownFileType = sourcecode.swift; path = HomeMicPcmCapture.swift; sourceTree = "<group>"; };
		336BAA56E5314614BEBECA77 /* HomeMicSettings.swift */ = {isa = PBXFileReference; lastKnownFileType = sourcecode.swift; path = HomeMicSettings.swift; sourceTree = "<group>"; };
		B200D198027B44D0952C0ACA /* PickupIdentity.swift */ = {isa = PBXFileReference; lastKnownFileType = sourcecode.swift; path = PickupIdentity.swift; sourceTree = "<group>"; };
		FEDE6AA5B0AA4CCEBC0FD44C /* HomeMicViewController.swift */ = {isa = PBXFileReference; lastKnownFileType = sourcecode.swift; path = HomeMicViewController.swift; sourceTree = "<group>"; };
		69D5FD845C3B41CA98B840C4 /* SettingsViewController.swift */ = {isa = PBXFileReference; lastKnownFileType = sourcecode.swift; path = SettingsViewController.swift; sourceTree = "<group>"; };
		7E8FDBB5621E4F8F99384110 /* PickupTheme.swift */ = {isa = PBXFileReference; lastKnownFileType = sourcecode.swift; path = PickupTheme.swift; sourceTree = "<group>"; };
		B897445A067242C8964C9012 /* wake_ack_wozaine.caf */ = {isa = PBXFileReference; lastKnownFileType = file; path = wake_ack_wozaine.caf; sourceTree = "<group>"; };
		4FCB6B67495C4130A5C3498D /* wake_ack_youzale.caf */ = {isa = PBXFileReference; lastKnownFileType = file; path = wake_ack_youzale.caf; sourceTree = "<group>"; };
		3AA160ABE21B4E7E8D3EE30A /* Info.plist */ = {isa = PBXFileReference; lastKnownFileType = text.plist.xml; path = Info.plist; sourceTree = "<group>"; };
		4244EBED6F2A43E69CE039B9 /* Assets.xcassets */ = {isa = PBXFileReference; lastKnownFileType = folder.assetcatalog; path = Assets.xcassets; sourceTree = "<group>"; };
/* End PBXFileReference section */

/* Begin PBXFrameworksBuildPhase section */
		127F5DD76C034C68B2328870 /* Frameworks */ = {
			isa = PBXFrameworksBuildPhase;
			buildActionMask = 2147483647;
			files = (
			);
			runOnlyForDeploymentPostprocessing = 0;
		};
/* End PBXFrameworksBuildPhase section */

/* Begin PBXGroup section */
		42F520DB0DBE43E28A37D16C = {
			isa = PBXGroup;
			children = (
				0F43F19B0A6F4BDC987996AE /* LivingRoomPickup */,
				42BEC14D21E64BDCA92E697B /* Products */,
			);
			sourceTree = "<group>";
		};
		42BEC14D21E64BDCA92E697B /* Products */ = {
			isa = PBXGroup;
			children = (
				430B0D1D7C0C42BFAB7A8A09 /* LivingRoomPickup.app */,
			);
			name = Products;
			sourceTree = "<group>";
		};
		0F43F19B0A6F4BDC987996AE /* LivingRoomPickup */ = {
			isa = PBXGroup;
			children = (
				61A45E4857434E11B0E26B25,
				B8972976F75E431B918BFD05,
				4F811B406843445A96C3950A,
				37D217A6B6A84F22BA9F6E86,
				B7B991612C1340DF9EF6CCBF,
				3AA160ABE21B4E7E8D3EE30A,
				4244EBED6F2A43E69CE039B9,
			);
			path = LivingRoomPickup;
			sourceTree = "<group>";
		};
		61A45E4857434E11B0E26B25 /* Resources */ = {
			isa = PBXGroup;
			children = (
				B897445A067242C8964C9012,
				4FCB6B67495C4130A5C3498D,
			);
			path = Resources;
			sourceTree = "<group>";
		};
		B8972976F75E431B918BFD05 /* Services */ = {
			isa = PBXGroup;
			children = (
				542C4592A56F4077804D2E63,
				B200D198027B44D0952C0ACA,
			);
			path = Services;
			sourceTree = "<group>";
		};
		542C4592A56F4077804D2E63 /* HomeMic */ = {
			isa = PBXGroup;
			children = (
				88A8E0B5D75D46D984F01022,
				B49748F879E94AF0B6FB305B,
				A3D42812D5644B47A0D2EC58,
				383EE92AD06B44DF91C613B4,
				336BAA56E5314614BEBECA77,
			);
			path = HomeMic;
			sourceTree = "<group>";
		};
		4F811B406843445A96C3950A /* ViewControllers */ = {
			isa = PBXGroup;
			children = (
				FEDE6AA5B0AA4CCEBC0FD44C,
				69D5FD845C3B41CA98B840C4,
			);
			path = ViewControllers;
			sourceTree = "<group>";
		};
		37D217A6B6A84F22BA9F6E86 /* Views */ = {
			isa = PBXGroup;
			children = (
				7E8FDBB5621E4F8F99384110,
			);
			path = Views;
			sourceTree = "<group>";
		};
/* End PBXGroup section */

/* Begin PBXNativeTarget section */
		3209EB8570C34E4485B2AF3F /* LivingRoomPickup */ = {
			isa = PBXNativeTarget;
			buildConfigurationList = FD590A95403746F0ABF16E5C /* Build configuration list for PBXNativeTarget "LivingRoomPickup" */;
			buildPhases = (
				A601111245094849AF440470 /* Sources */,
				127F5DD76C034C68B2328870 /* Frameworks */,
				E4DE4E0103D44C24A2F4AD2A /* Resources */,
			);
			buildRules = (
			);
			dependencies = (
			);
			name = LivingRoomPickup;
			packageProductDependencies = (
			);
			productName = LivingRoomPickup;
			productReference = 430B0D1D7C0C42BFAB7A8A09 /* LivingRoomPickup.app */;
			productType = "com.apple.product-type.application";
		};
/* End PBXNativeTarget section */

/* Begin PBXProject section */
		699ECEADF5C04E02BE16DDAE /* Project object */ = {
			isa = PBXProject;
			attributes = {
				BuildIndependentTargetsInParallel = 1;
				LastSwiftUpdateCheck = 1500;
				LastUpgradeCheck = 1500;
			};
			buildConfigurationList = C4D6857D56864809B87654D2 /* Build configuration list for PBXProject "LivingRoomPickup" */;
			compatibilityVersion = "Xcode 14.0";
			developmentRegion = en;
			hasScannedForEncodings = 0;
			knownRegions = (
				en,
				Base,
			);
			mainGroup = 42F520DB0DBE43E28A37D16C;
			packageReferences = (
			);
			productRefGroup = 42BEC14D21E64BDCA92E697B /* Products */;
			projectDirPath = "";
			projectRoot = "";
			targets = (
				3209EB8570C34E4485B2AF3F /* LivingRoomPickup */,
			);
			};
/* End PBXProject section */

/* Begin PBXResourcesBuildPhase section */
		E4DE4E0103D44C24A2F4AD2A /* Resources */ = {
			isa = PBXResourcesBuildPhase;
			buildActionMask = 2147483647;
			files = (
				2D612AAB503345F1A07A70D7 /* Assets.xcassets in Resources */,
				67A1E26F36AE443C9F176890 /* wake_ack_wozaine.caf in Resources */,
				1C752385D94F476890C63B3B /* wake_ack_youzale.caf in Resources */,
			);
			runOnlyForDeploymentPostprocessing = 0;
		};
/* End PBXResourcesBuildPhase section */

/* Begin PBXSourcesBuildPhase section */
		A601111245094849AF440470 /* Sources */ = {
			isa = PBXSourcesBuildPhase;
			buildActionMask = 2147483647;
			files = (
				2F988584949F4D31AD2EC173 /* AppDelegate.swift in Sources */,
				F0A2D88DB7BC4294B35D5E9D /* HomeMicController.swift in Sources */,
				ADFE4DC2714C49D9AC2EAF07 /* HomeMicEnergyGate.swift in Sources */,
				436109565059466A99C2BDE6 /* HomeMicHap1Client.swift in Sources */,
				468EC1876D3849AC859E9F5E /* HomeMicPcmCapture.swift in Sources */,
				F0DF4BAA1AB84E888DD6AEF4 /* HomeMicSettings.swift in Sources */,
				9C105DCEA17E462CA44F9FB5 /* PickupIdentity.swift in Sources */,
				E7045540BC464751BB8A5ECE /* HomeMicViewController.swift in Sources */,
				E719D8ADB0104F84A5DB3A32 /* SettingsViewController.swift in Sources */,
				739F7122391148999859825E /* PickupTheme.swift in Sources */,
			);
			runOnlyForDeploymentPostprocessing = 0;
		};
/* End PBXSourcesBuildPhase section */

/* Begin XCBuildConfiguration section */
		E4235B917F7E4676BE67D68F /* Debug */ = {
			isa = XCBuildConfiguration;
			buildSettings = {
				ALWAYS_SEARCH_USER_PATHS = NO;
				CLANG_ENABLE_MODULES = YES;
				CLANG_ENABLE_OBJC_ARC = YES;
				COPY_PHASE_STRIP = NO;
				DEBUG_INFORMATION_FORMAT = "dwarf";
				GCC_DYNAMIC_NO_PIC = NO;
				GCC_OPTIMIZATION_LEVEL = 0;
				ONLY_ACTIVE_ARCH = YES;
				SWIFT_ACTIVE_COMPILATION_CONDITIONS = DEBUG;
				SWIFT_OPTIMIZATION_LEVEL = "-Onone";
				IPHONEOS_DEPLOYMENT_TARGET = 12.0;
				SDKROOT = iphoneos;
				SWIFT_VERSION = 5.0;
			};
			name = Debug;
		};
		13B79760D1534FDD8EBFDEFE /* Release */ = {
			isa = XCBuildConfiguration;
			buildSettings = {
				ALWAYS_SEARCH_USER_PATHS = NO;
				CLANG_ENABLE_MODULES = YES;
				CLANG_ENABLE_OBJC_ARC = YES;
				COPY_PHASE_STRIP = NO;
				DEBUG_INFORMATION_FORMAT = "dwarf-with-dsym";
				IPHONEOS_DEPLOYMENT_TARGET = 12.0;
				SDKROOT = iphoneos;
				SWIFT_VERSION = 5.0;
			};
			name = Release;
		};
		E5794E72A5E449DB9B828EC1 /* Debug */ = {
			isa = XCBuildConfiguration;
			buildSettings = {
				ASSETCATALOG_COMPILER_APPICON_NAME = AppIcon;
				CODE_SIGN_STYLE = Automatic;
				CURRENT_PROJECT_VERSION = 1;
				DEVELOPMENT_TEAM = "JD4B775BJ5";
				GENERATE_INFOPLIST_FILE = NO;
				INFOPLIST_FILE = LivingRoomPickup/Info.plist;
				LD_RUNPATH_SEARCH_PATHS = (
					"$(inherited)",
					"@executable_path/Frameworks",
				);
				MARKETING_VERSION = 0.1.0;
				PRODUCT_BUNDLE_IDENTIFIER = com.gaolei.livingroom.pickup;
				PRODUCT_NAME = "$(TARGET_NAME)";
				SUPPORTED_PLATFORMS = "iphoneos iphonesimulator";
				SUPPORTS_MACCATALYST = NO;
				SWIFT_EMIT_LOC_STRINGS = YES;
				TARGETED_DEVICE_FAMILY = "1,2";
			};
			name = Debug;
		};
		2EE28FAE670F440ABD6DF0D5 /* Release */ = {
			isa = XCBuildConfiguration;
			buildSettings = {
				ASSETCATALOG_COMPILER_APPICON_NAME = AppIcon;
				CODE_SIGN_STYLE = Automatic;
				CURRENT_PROJECT_VERSION = 1;
				DEVELOPMENT_TEAM = "JD4B775BJ5";
				GENERATE_INFOPLIST_FILE = NO;
				INFOPLIST_FILE = LivingRoomPickup/Info.plist;
				LD_RUNPATH_SEARCH_PATHS = (
					"$(inherited)",
					"@executable_path/Frameworks",
				);
				MARKETING_VERSION = 0.1.0;
				PRODUCT_BUNDLE_IDENTIFIER = com.gaolei.livingroom.pickup;
				PRODUCT_NAME = "$(TARGET_NAME)";
				SUPPORTED_PLATFORMS = "iphoneos iphonesimulator";
				SUPPORTS_MACCATALYST = NO;
				SWIFT_EMIT_LOC_STRINGS = YES;
				TARGETED_DEVICE_FAMILY = "1,2";
			};
			name = Release;
		};
/* End XCBuildConfiguration section */

/* Begin XCConfigurationList section */
		C4D6857D56864809B87654D2 /* Build configuration list for PBXProject "LivingRoomPickup" */ = {
			isa = XCConfigurationList;
			buildConfigurations = (
				E4235B917F7E4676BE67D68F /* Debug */,
				13B79760D1534FDD8EBFDEFE /* Release */,
			);
			defaultConfigurationIsVisible = 0;
			defaultConfigurationName = Release;
		};
		FD590A95403746F0ABF16E5C /* Build configuration list for PBXNativeTarget "LivingRoomPickup" */ = {
			isa = XCConfigurationList;
			buildConfigurations = (
				E5794E72A5E449DB9B828EC1 /* Debug */,
				2EE28FAE670F440ABD6DF0D5 /* Release */,
			);
			defaultConfigurationIsVisible = 0;
			defaultConfigurationName = Release;
		};
/* End XCConfigurationList section */
	};
	rootObject = 699ECEADF5C04E02BE16DDAE /* Project object */;
}
