// !$*UTF8*$!
{
	archiveVersion = 1;
	classes = {};
	objectVersion = 56;
	objects = {

/* Begin PBXBuildFile section */
		1D4637897F694E76A558D4FB /* AppDelegate.swift in Sources */ = {isa = PBXBuildFile; fileRef = E2CD5F4D071E4EE9A1725F50 /* AppDelegate.swift */; };
		42621AB327174F5280A5F563 /* DiscoveryDebugLog.swift in Sources */ = {isa = PBXBuildFile; fileRef = B73C46BCDD6A4E34A593B674 /* DiscoveryDebugLog.swift */; };
		7875D09AB5CD4F2887FBBC15 /* MdnsDiscovery.swift in Sources */ = {isa = PBXBuildFile; fileRef = DDB4FEC57F30402B97022A49 /* MdnsDiscovery.swift */; };
		89FA03B6802F4D84AA24C3A9 /* HomeMicController.swift in Sources */ = {isa = PBXBuildFile; fileRef = 7752D88FAA53453C8BDDC5C9 /* HomeMicController.swift */; };
		68953ABC551E40F4992207A8 /* HomeMicEnergyGate.swift in Sources */ = {isa = PBXBuildFile; fileRef = C8E81D08E639468980D4875D /* HomeMicEnergyGate.swift */; };
		9276BAF477A3471BA9568044 /* HomeMicHap1Client.swift in Sources */ = {isa = PBXBuildFile; fileRef = F37D8EDE52824D8B85D439C3 /* HomeMicHap1Client.swift */; };
		9D8E4E1955A8483084DD3A3E /* HomeMicPcmCapture.swift in Sources */ = {isa = PBXBuildFile; fileRef = 56C0E6654395445BAC207185 /* HomeMicPcmCapture.swift */; };
		92C6C33CA0BB45D39F2337F3 /* HomeMicSettings.swift in Sources */ = {isa = PBXBuildFile; fileRef = 871B90DE5E6E4701B7B390E2 /* HomeMicSettings.swift */; };
		631A7AAD1C26497DA2442D1B /* PickupIdentity.swift in Sources */ = {isa = PBXBuildFile; fileRef = 64D6D8F953774F34AB0A0A42 /* PickupIdentity.swift */; };
		10D92BB543A14120AD353051 /* HomeMicViewController.swift in Sources */ = {isa = PBXBuildFile; fileRef = 0C42F97CC3534005941302CD /* HomeMicViewController.swift */; };
		1FC546646FCF4052AADC82FE /* SettingsViewController.swift in Sources */ = {isa = PBXBuildFile; fileRef = 0A7E15C2E96E4B9EB877B6AD /* SettingsViewController.swift */; };
		8CAB018562F5412AAD624F68 /* PickupTheme.swift in Sources */ = {isa = PBXBuildFile; fileRef = 402D6E4F91D34FE5B3AD3875 /* PickupTheme.swift */; };
		B40BFCA8BBF74CB59FBF3D77 /* Assets.xcassets in Resources */ = {isa = PBXBuildFile; fileRef = 60C3E7ACB34E49FA839E48EF /* Assets.xcassets */; };
		592AA2EFFBA74D14911C57EB /* wake_ack_wozaine.caf in Resources */ = {isa = PBXBuildFile; fileRef = 9CDF14FF84AA4288A39DE64A /* wake_ack_wozaine.caf */; };
		2E6366C2339A43CD980B9657 /* wake_ack_youzale.caf in Resources */ = {isa = PBXBuildFile; fileRef = 018621C7BCD84808BA5F7112 /* wake_ack_youzale.caf */; };
/* End PBXBuildFile section */

/* Begin PBXFileReference section */
		DBDE60E7A4A34550BA451AC6 /* LivingRoomPickup.app */ = {isa = PBXFileReference; explicitFileType = wrapper.application; includeInIndex = 0; path = LivingRoomPickup.app; sourceTree = BUILT_PRODUCTS_DIR; };
		E2CD5F4D071E4EE9A1725F50 /* AppDelegate.swift */ = {isa = PBXFileReference; lastKnownFileType = sourcecode.swift; path = AppDelegate.swift; sourceTree = "<group>"; };
		B73C46BCDD6A4E34A593B674 /* DiscoveryDebugLog.swift */ = {isa = PBXFileReference; lastKnownFileType = sourcecode.swift; path = DiscoveryDebugLog.swift; sourceTree = "<group>"; };
		DDB4FEC57F30402B97022A49 /* MdnsDiscovery.swift */ = {isa = PBXFileReference; lastKnownFileType = sourcecode.swift; path = MdnsDiscovery.swift; sourceTree = "<group>"; };
		7752D88FAA53453C8BDDC5C9 /* HomeMicController.swift */ = {isa = PBXFileReference; lastKnownFileType = sourcecode.swift; path = HomeMicController.swift; sourceTree = "<group>"; };
		C8E81D08E639468980D4875D /* HomeMicEnergyGate.swift */ = {isa = PBXFileReference; lastKnownFileType = sourcecode.swift; path = HomeMicEnergyGate.swift; sourceTree = "<group>"; };
		F37D8EDE52824D8B85D439C3 /* HomeMicHap1Client.swift */ = {isa = PBXFileReference; lastKnownFileType = sourcecode.swift; path = HomeMicHap1Client.swift; sourceTree = "<group>"; };
		56C0E6654395445BAC207185 /* HomeMicPcmCapture.swift */ = {isa = PBXFileReference; lastKnownFileType = sourcecode.swift; path = HomeMicPcmCapture.swift; sourceTree = "<group>"; };
		871B90DE5E6E4701B7B390E2 /* HomeMicSettings.swift */ = {isa = PBXFileReference; lastKnownFileType = sourcecode.swift; path = HomeMicSettings.swift; sourceTree = "<group>"; };
		64D6D8F953774F34AB0A0A42 /* PickupIdentity.swift */ = {isa = PBXFileReference; lastKnownFileType = sourcecode.swift; path = PickupIdentity.swift; sourceTree = "<group>"; };
		0C42F97CC3534005941302CD /* HomeMicViewController.swift */ = {isa = PBXFileReference; lastKnownFileType = sourcecode.swift; path = HomeMicViewController.swift; sourceTree = "<group>"; };
		0A7E15C2E96E4B9EB877B6AD /* SettingsViewController.swift */ = {isa = PBXFileReference; lastKnownFileType = sourcecode.swift; path = SettingsViewController.swift; sourceTree = "<group>"; };
		402D6E4F91D34FE5B3AD3875 /* PickupTheme.swift */ = {isa = PBXFileReference; lastKnownFileType = sourcecode.swift; path = PickupTheme.swift; sourceTree = "<group>"; };
		9CDF14FF84AA4288A39DE64A /* wake_ack_wozaine.caf */ = {isa = PBXFileReference; lastKnownFileType = file; path = wake_ack_wozaine.caf; sourceTree = "<group>"; };
		018621C7BCD84808BA5F7112 /* wake_ack_youzale.caf */ = {isa = PBXFileReference; lastKnownFileType = file; path = wake_ack_youzale.caf; sourceTree = "<group>"; };
		7BD509BE24CB443C99991EDC /* Info.plist */ = {isa = PBXFileReference; lastKnownFileType = text.plist.xml; path = Info.plist; sourceTree = "<group>"; };
		60C3E7ACB34E49FA839E48EF /* Assets.xcassets */ = {isa = PBXFileReference; lastKnownFileType = folder.assetcatalog; path = Assets.xcassets; sourceTree = "<group>"; };
/* End PBXFileReference section */

/* Begin PBXFrameworksBuildPhase section */
		3621D4F0B67A4142A423BC37 /* Frameworks */ = {
			isa = PBXFrameworksBuildPhase;
			buildActionMask = 2147483647;
			files = (
			);
			runOnlyForDeploymentPostprocessing = 0;
		};
/* End PBXFrameworksBuildPhase section */

/* Begin PBXGroup section */
		4A04CF2E6D1F4FB3814E35CC = {
			isa = PBXGroup;
			children = (
				16341847243C41CCBF5FE693 /* LivingRoomPickup */,
				5A36E274B43949369249141C /* Products */,
			);
			sourceTree = "<group>";
		};
		5A36E274B43949369249141C /* Products */ = {
			isa = PBXGroup;
			children = (
				DBDE60E7A4A34550BA451AC6 /* LivingRoomPickup.app */,
			);
			name = Products;
			sourceTree = "<group>";
		};
		16341847243C41CCBF5FE693 /* LivingRoomPickup */ = {
			isa = PBXGroup;
			children = (
				5308B8A448A549B6A17B91CC,
				96AD893C65C3406C8CD8CF20,
				BEC3E111E0F44900814A4387,
				93D2F94517D24585805DF704,
				E2CD5F4D071E4EE9A1725F50,
				B73C46BCDD6A4E34A593B674,
				DDB4FEC57F30402B97022A49,
				7BD509BE24CB443C99991EDC,
				60C3E7ACB34E49FA839E48EF,
			);
			path = LivingRoomPickup;
			sourceTree = "<group>";
		};
		5308B8A448A549B6A17B91CC /* Resources */ = {
			isa = PBXGroup;
			children = (
				9CDF14FF84AA4288A39DE64A,
				018621C7BCD84808BA5F7112,
			);
			path = Resources;
			sourceTree = "<group>";
		};
		96AD893C65C3406C8CD8CF20 /* Services */ = {
			isa = PBXGroup;
			children = (
				530A044F74D0423D80DA195B,
				64D6D8F953774F34AB0A0A42,
			);
			path = Services;
			sourceTree = "<group>";
		};
		530A044F74D0423D80DA195B /* HomeMic */ = {
			isa = PBXGroup;
			children = (
				7752D88FAA53453C8BDDC5C9,
				C8E81D08E639468980D4875D,
				F37D8EDE52824D8B85D439C3,
				56C0E6654395445BAC207185,
				871B90DE5E6E4701B7B390E2,
			);
			path = HomeMic;
			sourceTree = "<group>";
		};
		BEC3E111E0F44900814A4387 /* ViewControllers */ = {
			isa = PBXGroup;
			children = (
				0C42F97CC3534005941302CD,
				0A7E15C2E96E4B9EB877B6AD,
			);
			path = ViewControllers;
			sourceTree = "<group>";
		};
		93D2F94517D24585805DF704 /* Views */ = {
			isa = PBXGroup;
			children = (
				402D6E4F91D34FE5B3AD3875,
			);
			path = Views;
			sourceTree = "<group>";
		};
/* End PBXGroup section */

/* Begin PBXNativeTarget section */
		32FD510948174B9FB9DD6F34 /* LivingRoomPickup */ = {
			isa = PBXNativeTarget;
			buildConfigurationList = A0CAB12CF68047BB85142931 /* Build configuration list for PBXNativeTarget "LivingRoomPickup" */;
			buildPhases = (
				C3852CD2399C449BA9F37FF1 /* Sources */,
				3621D4F0B67A4142A423BC37 /* Frameworks */,
				8503EC2614EE48A39FC71332 /* Resources */,
			);
			buildRules = (
			);
			dependencies = (
			);
			name = LivingRoomPickup;
			packageProductDependencies = (
			);
			productName = LivingRoomPickup;
			productReference = DBDE60E7A4A34550BA451AC6 /* LivingRoomPickup.app */;
			productType = "com.apple.product-type.application";
		};
/* End PBXNativeTarget section */

/* Begin PBXProject section */
		C3B2018CA8B145709CA24936 /* Project object */ = {
			isa = PBXProject;
			attributes = {
				BuildIndependentTargetsInParallel = 1;
				LastSwiftUpdateCheck = 1500;
				LastUpgradeCheck = 1500;
			};
			buildConfigurationList = 84E3D614733243C8B1E9E81D /* Build configuration list for PBXProject "LivingRoomPickup" */;
			compatibilityVersion = "Xcode 14.0";
			developmentRegion = en;
			hasScannedForEncodings = 0;
			knownRegions = (
				en,
				Base,
			);
			mainGroup = 4A04CF2E6D1F4FB3814E35CC;
			packageReferences = (
			);
			productRefGroup = 5A36E274B43949369249141C /* Products */;
			projectDirPath = "";
			projectRoot = "";
			targets = (
				32FD510948174B9FB9DD6F34 /* LivingRoomPickup */,
			);
			};
/* End PBXProject section */

/* Begin PBXResourcesBuildPhase section */
		8503EC2614EE48A39FC71332 /* Resources */ = {
			isa = PBXResourcesBuildPhase;
			buildActionMask = 2147483647;
			files = (
				B40BFCA8BBF74CB59FBF3D77 /* Assets.xcassets in Resources */,
				592AA2EFFBA74D14911C57EB /* wake_ack_wozaine.caf in Resources */,
				2E6366C2339A43CD980B9657 /* wake_ack_youzale.caf in Resources */,
			);
			runOnlyForDeploymentPostprocessing = 0;
		};
/* End PBXResourcesBuildPhase section */

/* Begin PBXSourcesBuildPhase section */
		C3852CD2399C449BA9F37FF1 /* Sources */ = {
			isa = PBXSourcesBuildPhase;
			buildActionMask = 2147483647;
			files = (
				1D4637897F694E76A558D4FB /* AppDelegate.swift in Sources */,
				42621AB327174F5280A5F563 /* DiscoveryDebugLog.swift in Sources */,
				7875D09AB5CD4F2887FBBC15 /* MdnsDiscovery.swift in Sources */,
				89FA03B6802F4D84AA24C3A9 /* HomeMicController.swift in Sources */,
				68953ABC551E40F4992207A8 /* HomeMicEnergyGate.swift in Sources */,
				9276BAF477A3471BA9568044 /* HomeMicHap1Client.swift in Sources */,
				9D8E4E1955A8483084DD3A3E /* HomeMicPcmCapture.swift in Sources */,
				92C6C33CA0BB45D39F2337F3 /* HomeMicSettings.swift in Sources */,
				631A7AAD1C26497DA2442D1B /* PickupIdentity.swift in Sources */,
				10D92BB543A14120AD353051 /* HomeMicViewController.swift in Sources */,
				1FC546646FCF4052AADC82FE /* SettingsViewController.swift in Sources */,
				8CAB018562F5412AAD624F68 /* PickupTheme.swift in Sources */,
			);
			runOnlyForDeploymentPostprocessing = 0;
		};
/* End PBXSourcesBuildPhase section */

/* Begin XCBuildConfiguration section */
		B50199BFEA4A475298968237 /* Debug */ = {
			isa = XCBuildConfiguration;
			buildSettings = {
				ALWAYS_SEARCH_USER_PATHS = NO;
				CLANG_ENABLE_MODULES = YES;
				CLANG_ENABLE_OBJC_ARC = YES;
				COPY_PHASE_STRIP = NO;
				DEBUG_INFORMATION_FORMAT = "dwarf";
				GCC_DYNAMIC_NO_PIC = NO;
				GCC_OPTIMIZATION_LEVEL = 0;
				ONLY_ACTIVE_ARCH = YES;
				SWIFT_ACTIVE_COMPILATION_CONDITIONS = DEBUG;
				SWIFT_OPTIMIZATION_LEVEL = "-Onone";
				IPHONEOS_DEPLOYMENT_TARGET = 12.0;
				SDKROOT = iphoneos;
				SWIFT_VERSION = 5.0;
			};
			name = Debug;
		};
		FBDABFEC58EA4EC6A9FE499F /* Release */ = {
			isa = XCBuildConfiguration;
			buildSettings = {
				ALWAYS_SEARCH_USER_PATHS = NO;
				CLANG_ENABLE_MODULES = YES;
				CLANG_ENABLE_OBJC_ARC = YES;
				COPY_PHASE_STRIP = NO;
				DEBUG_INFORMATION_FORMAT = "dwarf-with-dsym";
				IPHONEOS_DEPLOYMENT_TARGET = 12.0;
				SDKROOT = iphoneos;
				SWIFT_VERSION = 5.0;
			};
			name = Release;
		};
		323B51F997B64FD0AFD30CCA /* Debug */ = {
			isa = XCBuildConfiguration;
			buildSettings = {
				ASSETCATALOG_COMPILER_APPICON_NAME = AppIcon;
				CODE_SIGN_STYLE = Automatic;
				CURRENT_PROJECT_VERSION = 1;
				DEVELOPMENT_TEAM = "JD4B775BJ5";
				GENERATE_INFOPLIST_FILE = NO;
				INFOPLIST_FILE = LivingRoomPickup/Info.plist;
				LD_RUNPATH_SEARCH_PATHS = (
					"$(inherited)",
					"@executable_path/Frameworks",
				);
				MARKETING_VERSION = 0.1.0;
				PRODUCT_BUNDLE_IDENTIFIER = com.gaolei.livingroom.pickup;
				PRODUCT_NAME = "$(TARGET_NAME)";
				SUPPORTED_PLATFORMS = "iphoneos iphonesimulator";
				SUPPORTS_MACCATALYST = NO;
				SWIFT_EMIT_LOC_STRINGS = YES;
				TARGETED_DEVICE_FAMILY = "1,2";
			};
			name = Debug;
		};
		14FC3D4EAA214D75904625BD /* Release */ = {
			isa = XCBuildConfiguration;
			buildSettings = {
				ASSETCATALOG_COMPILER_APPICON_NAME = AppIcon;
				CODE_SIGN_STYLE = Automatic;
				CURRENT_PROJECT_VERSION = 1;
				DEVELOPMENT_TEAM = "JD4B775BJ5";
				GENERATE_INFOPLIST_FILE = NO;
				INFOPLIST_FILE = LivingRoomPickup/Info.plist;
				LD_RUNPATH_SEARCH_PATHS = (
					"$(inherited)",
					"@executable_path/Frameworks",
				);
				MARKETING_VERSION = 0.1.0;
				PRODUCT_BUNDLE_IDENTIFIER = com.gaolei.livingroom.pickup;
				PRODUCT_NAME = "$(TARGET_NAME)";
				SUPPORTED_PLATFORMS = "iphoneos iphonesimulator";
				SUPPORTS_MACCATALYST = NO;
				SWIFT_EMIT_LOC_STRINGS = YES;
				TARGETED_DEVICE_FAMILY = "1,2";
			};
			name = Release;
		};
/* End XCBuildConfiguration section */

/* Begin XCConfigurationList section */
		84E3D614733243C8B1E9E81D /* Build configuration list for PBXProject "LivingRoomPickup" */ = {
			isa = XCConfigurationList;
			buildConfigurations = (
				B50199BFEA4A475298968237 /* Debug */,
				FBDABFEC58EA4EC6A9FE499F /* Release */,
			);
			defaultConfigurationIsVisible = 0;
			defaultConfigurationName = Release;
		};
		A0CAB12CF68047BB85142931 /* Build configuration list for PBXNativeTarget "LivingRoomPickup" */ = {
			isa = XCConfigurationList;
			buildConfigurations = (
				323B51F997B64FD0AFD30CCA /* Debug */,
				14FC3D4EAA214D75904625BD /* Release */,
			);
			defaultConfigurationIsVisible = 0;
			defaultConfigurationName = Release;
		};
/* End XCConfigurationList section */
	};
	rootObject = C3B2018CA8B145709CA24936 /* Project object */;
}
