// !$*UTF8*$!
{
	archiveVersion = 1;
	classes = {};
	objectVersion = 56;
	objects = {

/* Begin PBXBuildFile section */
		6A1CF022D06648AF87D520B2 /* AppDelegate.swift in Sources */ = {isa = PBXBuildFile; fileRef = 337E09A6566445F7B2D90442 /* AppDelegate.swift */; };
		A2D42794062C41099337CF3E /* MdnsDiscovery.swift in Sources */ = {isa = PBXBuildFile; fileRef = 9940A0A42290445CBF5B4558 /* MdnsDiscovery.swift */; };
		B2D42794062C41099337CF3F /* DiscoveryDebugLog.swift in Sources */ = {isa = PBXBuildFile; fileRef = 8940A0A42290445CBF5B4559 /* DiscoveryDebugLog.swift */; };
		77C36FFD64AC468EB832D3D2 /* ChatTurn.swift in Sources */ = {isa = PBXBuildFile; fileRef = 95D54A89A46F448293E0E980 /* ChatTurn.swift */; };
		FCD08685406F49A189937396 /* IntentTimeline.swift in Sources */ = {isa = PBXBuildFile; fileRef = 7AE8FB8390B041798C0B242D /* IntentTimeline.swift */; };
		BB494BD9A1014C2D86A99EB6 /* BrainAPI.swift in Sources */ = {isa = PBXBuildFile; fileRef = 6C909A9804B04FD8A11375A1 /* BrainAPI.swift */; };
		251EFE8F72864BD1835C74B6 /* BrainEndpoint.swift in Sources */ = {isa = PBXBuildFile; fileRef = 8919780D5B984B8297E35FD8 /* BrainEndpoint.swift */; };
		3C37B1F9516C4920B7EF0E41 /* BrainURL.swift in Sources */ = {isa = PBXBuildFile; fileRef = 55C213F61C374206BA84B33D /* BrainURL.swift */; };
		6EE8C9F451B949349A70CAD7 /* ConnectionManager.swift in Sources */ = {isa = PBXBuildFile; fileRef = 92072419BA6C4ECDB330A6B6 /* ConnectionManager.swift */; };
		A8ED40BA592444B7A06A4B08 /* DebugReportStore.swift in Sources */ = {isa = PBXBuildFile; fileRef = CD4DD808A33E43DC84992E87 /* DebugReportStore.swift */; };
		3EB1A6F5C57B4C8EA51E5944 /* HeartbeatLog.swift in Sources */ = {isa = PBXBuildFile; fileRef = DC510B880F3B440B8F59A1A7 /* HeartbeatLog.swift */; };
		00FAD8910C724B5B83B88B6C /* IntentPoller.swift in Sources */ = {isa = PBXBuildFile; fileRef = CF79276E958341A7B65BA5D1 /* IntentPoller.swift */; };
		CF396527780541F1800A39B4 /* ParticipantStore.swift in Sources */ = {isa = PBXBuildFile; fileRef = A923884A29B84D3FB6D88313 /* ParticipantStore.swift */; };
		CAAF3C440DDB4BC2AD195669 /* ReadingCameraService.swift in Sources */ = {isa = PBXBuildFile; fileRef = 3D12EFDE4D1B4A6BA947AB34 /* ReadingCameraService.swift */; };
		6AC241F4EC4B4459BF93A7FE /* ReadingPhotoStore.swift in Sources */ = {isa = PBXBuildFile; fileRef = 5AA62046EE4E4DF591CAFE9B /* ReadingPhotoStore.swift */; };
		ADF1016B1DB2481785ADD2A6 /* ReadingSpeechService.swift in Sources */ = {isa = PBXBuildFile; fileRef = BB3FB4FA3ADE48F39F45AB59 /* ReadingSpeechService.swift */; };
		E846F4BCFF8F4F5DAB24ECA5 /* VoiceTraceLog.swift in Sources */ = {isa = PBXBuildFile; fileRef = 4598321401ED48DB93837CE6 /* VoiceTraceLog.swift */; };
		147D3DE0ED494FEAB9597A66 /* H264VideoEncoder.swift in Sources */ = {isa = PBXBuildFile; fileRef = 33BC32E58FC5412AA6F6A2AF /* H264VideoEncoder.swift */; };
		46E76D555FD042B49ED564DC /* LegacyLiveStreamController.swift in Sources */ = {isa = PBXBuildFile; fileRef = 4798100467964C3899A4A70A /* LegacyLiveStreamController.swift */; };
		F33766F1E8A64B6F8BF618DF /* LivePushPipeline.swift in Sources */ = {isa = PBXBuildFile; fileRef = E40B10ED6E384656A6CFBD0F /* LivePushPipeline.swift */; };
		5B810B8C016A462E841093B6 /* MpegTsMuxer.swift in Sources */ = {isa = PBXBuildFile; fileRef = CEAAC8DD685E4A3EB35DACA2 /* MpegTsMuxer.swift */; };
		0C7981C7CC454761B25435EE /* MpegTsTcpTransport.swift in Sources */ = {isa = PBXBuildFile; fileRef = E15D203354CA444FBF0BF49E /* MpegTsTcpTransport.swift */; };
		8CA48BD783D94403BE9982BD /* VideoLiveCapture.swift in Sources */ = {isa = PBXBuildFile; fileRef = 30015D98721548AFA5F1325B /* VideoLiveCapture.swift */; };
		875B5CE2F9154FFC8E3747A3 /* VideoLiveError.swift in Sources */ = {isa = PBXBuildFile; fileRef = 60A67625F586440EB0D701C9 /* VideoLiveError.swift */; };
		1673566159154366B8119190 /* ChatViewController.swift in Sources */ = {isa = PBXBuildFile; fileRef = BEA1762546BB4F20AE80C594 /* ChatViewController.swift */; };
		B849A7728B2C4A5BA824F6D6 /* InteractionViewController.swift in Sources */ = {isa = PBXBuildFile; fileRef = D56EF0BD2C6D4D0E83D8C296 /* InteractionViewController.swift */; };
		608E63C8B0E740009EDC9AFD /* LiveStreamViewController.swift in Sources */ = {isa = PBXBuildFile; fileRef = 6DAEA0CB4C934DA7BBF92ED9 /* LiveStreamViewController.swift */; };
		765A4567B7B94F93A0069F3E /* MainTabBarController.swift in Sources */ = {isa = PBXBuildFile; fileRef = 4F34EB160FD04162A00BDA90 /* MainTabBarController.swift */; };
		208CBF490D6E497490D1E8E2 /* ReadingCaptureViewController.swift in Sources */ = {isa = PBXBuildFile; fileRef = 2A5050406A274858B3018F93 /* ReadingCaptureViewController.swift */; };
		A38167631BAD492BBE123CAC /* ReadingHubViewController.swift in Sources */ = {isa = PBXBuildFile; fileRef = D079B3C9F4E74D86B60BDFE9 /* ReadingHubViewController.swift */; };
		D2D2E7FF1659411685ECDAFC /* ReadingModeViewController.swift in Sources */ = {isa = PBXBuildFile; fileRef = 3817CD797CEB43B8A5466137 /* ReadingModeViewController.swift */; };
		6B6A24F52ECA4779A46E5E51 /* SettingsViewController.swift in Sources */ = {isa = PBXBuildFile; fileRef = BED65AD30C724348A8A2957D /* SettingsViewController.swift */; };
		4E7F488595A44893989CEC11 /* ChatMessageCell.swift in Sources */ = {isa = PBXBuildFile; fileRef = 9F0DE7AC450B47F49E285B76 /* ChatMessageCell.swift */; };
		CC8CB751A7A744DE91C87DB6 /* FeedbackStripCell.swift in Sources */ = {isa = PBXBuildFile; fileRef = 552853425E2D470A8D5D515C /* FeedbackStripCell.swift */; };
		66F82250B7EC446886342DEC /* IntentIdCaption.swift in Sources */ = {isa = PBXBuildFile; fileRef = 48507ED67B0B4B17931AD200 /* IntentIdCaption.swift */; };
		C9B0D208EDE74C748BE79600 /* JourneyTimelineCell.swift in Sources */ = {isa = PBXBuildFile; fileRef = EEB950C71EAF4313872A974B /* JourneyTimelineCell.swift */; };
		FF939D1F3D74417FBB1F5212 /* LegacyTheme.swift in Sources */ = {isa = PBXBuildFile; fileRef = 544EABC0E7DE44DC93CAE6CB /* LegacyTheme.swift */; };
		89C59F222C414E1DB0CFACE0 /* PillSegmentControl.swift in Sources */ = {isa = PBXBuildFile; fileRef = 4742A78472E4443F806961E8 /* PillSegmentControl.swift */; };
		729963D081194759AF41A072 /* Assets.xcassets in Resources */ = {isa = PBXBuildFile; fileRef = 2F9957FAB5F7491AA63C658A /* Assets.xcassets */; };
		814A1ADC7FBA4A05AF8B0A34 /* LaunchScreen.storyboard in Resources */ = {isa = PBXBuildFile; fileRef = E2A55CD43BD542ACA63FCB51 /* LaunchScreen.storyboard */; };
/* End PBXBuildFile section */

/* Begin PBXFileReference section */
		961063EA16C54187BF3B121C /* LivingRoomLegacy.app */ = {isa = PBXFileReference; explicitFileType = wrapper.application; includeInIndex = 0; path = LivingRoomLegacy.app; sourceTree = BUILT_PRODUCTS_DIR; };
		337E09A6566445F7B2D90442 /* AppDelegate.swift */ = {isa = PBXFileReference; lastKnownFileType = sourcecode.swift; path = AppDelegate.swift; sourceTree = "<group>"; };
		9940A0A42290445CBF5B4558 /* MdnsDiscovery.swift */ = {isa = PBXFileReference; lastKnownFileType = sourcecode.swift; path = MdnsDiscovery.swift; sourceTree = "<group>"; };
		8940A0A42290445CBF5B4559 /* DiscoveryDebugLog.swift */ = {isa = PBXFileReference; lastKnownFileType = sourcecode.swift; path = DiscoveryDebugLog.swift; sourceTree = "<group>"; };
		95D54A89A46F448293E0E980 /* ChatTurn.swift */ = {isa = PBXFileReference; lastKnownFileType = sourcecode.swift; path = ChatTurn.swift; sourceTree = "<group>"; };
		7AE8FB8390B041798C0B242D /* IntentTimeline.swift */ = {isa = PBXFileReference; lastKnownFileType = sourcecode.swift; path = IntentTimeline.swift; sourceTree = "<group>"; };
		6C909A9804B04FD8A11375A1 /* BrainAPI.swift */ = {isa = PBXFileReference; lastKnownFileType = sourcecode.swift; path = BrainAPI.swift; sourceTree = "<group>"; };
		8919780D5B984B8297E35FD8 /* BrainEndpoint.swift */ = {isa = PBXFileReference; lastKnownFileType = sourcecode.swift; path = BrainEndpoint.swift; sourceTree = "<group>"; };
		55C213F61C374206BA84B33D /* BrainURL.swift */ = {isa = PBXFileReference; lastKnownFileType = sourcecode.swift; path = BrainURL.swift; sourceTree = "<group>"; };
		92072419BA6C4ECDB330A6B6 /* ConnectionManager.swift */ = {isa = PBXFileReference; lastKnownFileType = sourcecode.swift; path = ConnectionManager.swift; sourceTree = "<group>"; };
		CD4DD808A33E43DC84992E87 /* DebugReportStore.swift */ = {isa = PBXFileReference; lastKnownFileType = sourcecode.swift; path = DebugReportStore.swift; sourceTree = "<group>"; };
		DC510B880F3B440B8F59A1A7 /* HeartbeatLog.swift */ = {isa = PBXFileReference; lastKnownFileType = sourcecode.swift; path = HeartbeatLog.swift; sourceTree = "<group>"; };
		CF79276E958341A7B65BA5D1 /* IntentPoller.swift */ = {isa = PBXFileReference; lastKnownFileType = sourcecode.swift; path = IntentPoller.swift; sourceTree = "<group>"; };
		A923884A29B84D3FB6D88313 /* ParticipantStore.swift */ = {isa = PBXFileReference; lastKnownFileType = sourcecode.swift; path = ParticipantStore.swift; sourceTree = "<group>"; };
		3D12EFDE4D1B4A6BA947AB34 /* ReadingCameraService.swift */ = {isa = PBXFileReference; lastKnownFileType = sourcecode.swift; path = ReadingCameraService.swift; sourceTree = "<group>"; };
		5AA62046EE4E4DF591CAFE9B /* ReadingPhotoStore.swift */ = {isa = PBXFileReference; lastKnownFileType = sourcecode.swift; path = ReadingPhotoStore.swift; sourceTree = "<group>"; };
		BB3FB4FA3ADE48F39F45AB59 /* ReadingSpeechService.swift */ = {isa = PBXFileReference; lastKnownFileType = sourcecode.swift; path = ReadingSpeechService.swift; sourceTree = "<group>"; };
		4598321401ED48DB93837CE6 /* VoiceTraceLog.swift */ = {isa = PBXFileReference; lastKnownFileType = sourcecode.swift; path = VoiceTraceLog.swift; sourceTree = "<group>"; };
		33BC32E58FC5412AA6F6A2AF /* H264VideoEncoder.swift */ = {isa = PBXFileReference; lastKnownFileType = sourcecode.swift; path = H264VideoEncoder.swift; sourceTree = "<group>"; };
		4798100467964C3899A4A70A /* LegacyLiveStreamController.swift */ = {isa = PBXFileReference; lastKnownFileType = sourcecode.swift; path = LegacyLiveStreamController.swift; sourceTree = "<group>"; };
		E40B10ED6E384656A6CFBD0F /* LivePushPipeline.swift */ = {isa = PBXFileReference; lastKnownFileType = sourcecode.swift; path = LivePushPipeline.swift; sourceTree = "<group>"; };
		CEAAC8DD685E4A3EB35DACA2 /* MpegTsMuxer.swift */ = {isa = PBXFileReference; lastKnownFileType = sourcecode.swift; path = MpegTsMuxer.swift; sourceTree = "<group>"; };
		E15D203354CA444FBF0BF49E /* MpegTsTcpTransport.swift */ = {isa = PBXFileReference; lastKnownFileType = sourcecode.swift; path = MpegTsTcpTransport.swift; sourceTree = "<group>"; };
		30015D98721548AFA5F1325B /* VideoLiveCapture.swift */ = {isa = PBXFileReference; lastKnownFileType = sourcecode.swift; path = VideoLiveCapture.swift; sourceTree = "<group>"; };
		60A67625F586440EB0D701C9 /* VideoLiveError.swift */ = {isa = PBXFileReference; lastKnownFileType = sourcecode.swift; path = VideoLiveError.swift; sourceTree = "<group>"; };
		BEA1762546BB4F20AE80C594 /* ChatViewController.swift */ = {isa = PBXFileReference; lastKnownFileType = sourcecode.swift; path = ChatViewController.swift; sourceTree = "<group>"; };
		D56EF0BD2C6D4D0E83D8C296 /* InteractionViewController.swift */ = {isa = PBXFileReference; lastKnownFileType = sourcecode.swift; path = InteractionViewController.swift; sourceTree = "<group>"; };
		6DAEA0CB4C934DA7BBF92ED9 /* LiveStreamViewController.swift */ = {isa = PBXFileReference; lastKnownFileType = sourcecode.swift; path = LiveStreamViewController.swift; sourceTree = "<group>"; };
		4F34EB160FD04162A00BDA90 /* MainTabBarController.swift */ = {isa = PBXFileReference; lastKnownFileType = sourcecode.swift; path = MainTabBarController.swift; sourceTree = "<group>"; };
		2A5050406A274858B3018F93 /* ReadingCaptureViewController.swift */ = {isa = PBXFileReference; lastKnownFileType = sourcecode.swift; path = ReadingCaptureViewController.swift; sourceTree = "<group>"; };
		D079B3C9F4E74D86B60BDFE9 /* ReadingHubViewController.swift */ = {isa = PBXFileReference; lastKnownFileType = sourcecode.swift; path = ReadingHubViewController.swift; sourceTree = "<group>"; };
		3817CD797CEB43B8A5466137 /* ReadingModeViewController.swift */ = {isa = PBXFileReference; lastKnownFileType = sourcecode.swift; path = ReadingModeViewController.swift; sourceTree = "<group>"; };
		BED65AD30C724348A8A2957D /* SettingsViewController.swift */ = {isa = PBXFileReference; lastKnownFileType = sourcecode.swift; path = SettingsViewController.swift; sourceTree = "<group>"; };
		9F0DE7AC450B47F49E285B76 /* ChatMessageCell.swift */ = {isa = PBXFileReference; lastKnownFileType = sourcecode.swift; path = ChatMessageCell.swift; sourceTree = "<group>"; };
		552853425E2D470A8D5D515C /* FeedbackStripCell.swift */ = {isa = PBXFileReference; lastKnownFileType = sourcecode.swift; path = FeedbackStripCell.swift; sourceTree = "<group>"; };
		48507ED67B0B4B17931AD200 /* IntentIdCaption.swift */ = {isa = PBXFileReference; lastKnownFileType = sourcecode.swift; path = IntentIdCaption.swift; sourceTree = "<group>"; };
		EEB950C71EAF4313872A974B /* JourneyTimelineCell.swift */ = {isa = PBXFileReference; lastKnownFileType = sourcecode.swift; path = JourneyTimelineCell.swift; sourceTree = "<group>"; };
		544EABC0E7DE44DC93CAE6CB /* LegacyTheme.swift */ = {isa = PBXFileReference; lastKnownFileType = sourcecode.swift; path = LegacyTheme.swift; sourceTree = "<group>"; };
		4742A78472E4443F806961E8 /* PillSegmentControl.swift */ = {isa = PBXFileReference; lastKnownFileType = sourcecode.swift; path = PillSegmentControl.swift; sourceTree = "<group>"; };
		D196911B89D84847A80B7470 /* Info.plist */ = {isa = PBXFileReference; lastKnownFileType = text.plist.xml; path = Info.plist; sourceTree = "<group>"; };
		2F9957FAB5F7491AA63C658A /* Assets.xcassets */ = {isa = PBXFileReference; lastKnownFileType = folder.assetcatalog; path = Assets.xcassets; sourceTree = "<group>"; };
		E2A55CD43BD542ACA63FCB51 /* LaunchScreen.storyboard */ = {isa = PBXFileReference; lastKnownFileType = file.storyboard; path = LaunchScreen.storyboard; sourceTree = "<group>"; };
/* End PBXFileReference section */

/* Begin PBXFrameworksBuildPhase section */
		056D7DEFB1DF4E4A828FB05A /* Frameworks */ = {
			isa = PBXFrameworksBuildPhase;
			buildActionMask = 2147483647;
			files = (
			);
			runOnlyForDeploymentPostprocessing = 0;
		};
/* End PBXFrameworksBuildPhase section */

/* Begin PBXGroup section */
		0537ED367725404A9CAA162B = {
			isa = PBXGroup;
			children = (
				502195FB1B274E9EA969B2F0 /* LivingRoomLegacy */,
				6A99FABBDFBA4145A5774438 /* Products */,
			);
			sourceTree = "<group>";
		};
		6A99FABBDFBA4145A5774438 /* Products */ = {
			isa = PBXGroup;
			children = (
				961063EA16C54187BF3B121C /* LivingRoomLegacy.app */,
			);
			name = Products;
			sourceTree = "<group>";
		};
		502195FB1B274E9EA969B2F0 /* LivingRoomLegacy */ = {
			isa = PBXGroup;
			children = (
				43304FAA87CE40E380E74C4F,
				443E01A4C23B4EA4BC517908,
				BAAE6B2D25504937968EB8E3,
				9033AF10BE7C41BF81248D8C,
				A35DEFDC519D4443B6B118E5,
				337E09A6566445F7B2D90442,
				8940A0A42290445CBF5B4559,
				9940A0A42290445CBF5B4558,
				D196911B89D84847A80B7470,
				2F9957FAB5F7491AA63C658A,
				E2A55CD43BD542ACA63FCB51,
			);
			path = LivingRoomLegacy;
			sourceTree = "<group>";
		};
		43304FAA87CE40E380E74C4F /* Models */ = {
			isa = PBXGroup;
			children = (
				95D54A89A46F448293E0E980,
				7AE8FB8390B041798C0B242D,
			);
			path = Models;
			sourceTree = "<group>";
		};
		443E01A4C23B4EA4BC517908 /* Services */ = {
			isa = PBXGroup;
			children = (
				6C909A9804B04FD8A11375A1,
				8919780D5B984B8297E35FD8,
				55C213F61C374206BA84B33D,
				92072419BA6C4ECDB330A6B6,
				CD4DD808A33E43DC84992E87,
				DC510B880F3B440B8F59A1A7,
				CF79276E958341A7B65BA5D1,
				A923884A29B84D3FB6D88313,
				3D12EFDE4D1B4A6BA947AB34,
				5AA62046EE4E4DF591CAFE9B,
				BB3FB4FA3ADE48F39F45AB59,
				4598321401ED48DB93837CE6,
			);
			path = Services;
			sourceTree = "<group>";
		};
		BAAE6B2D25504937968EB8E3 /* VideoLiveStream */ = {
			isa = PBXGroup;
			children = (
				33BC32E58FC5412AA6F6A2AF,
				4798100467964C3899A4A70A,
				E40B10ED6E384656A6CFBD0F,
				CEAAC8DD685E4A3EB35DACA2,
				E15D203354CA444FBF0BF49E,
				30015D98721548AFA5F1325B,
				60A67625F586440EB0D701C9,
			);
			path = VideoLiveStream;
			sourceTree = "<group>";
		};
		9033AF10BE7C41BF81248D8C /* ViewControllers */ = {
			isa = PBXGroup;
			children = (
				BEA1762546BB4F20AE80C594,
				D56EF0BD2C6D4D0E83D8C296,
				6DAEA0CB4C934DA7BBF92ED9,
				4F34EB160FD04162A00BDA90,
				2A5050406A274858B3018F93,
				D079B3C9F4E74D86B60BDFE9,
				3817CD797CEB43B8A5466137,
				BED65AD30C724348A8A2957D,
			);
			path = ViewControllers;
			sourceTree = "<group>";
		};
		A35DEFDC519D4443B6B118E5 /* Views */ = {
			isa = PBXGroup;
			children = (
				9F0DE7AC450B47F49E285B76,
				552853425E2D470A8D5D515C,
				48507ED67B0B4B17931AD200,
				EEB950C71EAF4313872A974B,
				544EABC0E7DE44DC93CAE6CB,
				4742A78472E4443F806961E8,
			);
			path = Views;
			sourceTree = "<group>";
		};
/* End PBXGroup section */

/* Begin PBXNativeTarget section */
		D4A7EEF83D764FF7BFCB7546 /* LivingRoomLegacy */ = {
			isa = PBXNativeTarget;
			buildConfigurationList = A2C17CA0BE5E41ECBC54B582 /* Build configuration list for PBXNativeTarget "LivingRoomLegacy" */;
			buildPhases = (
				96D6C4C94C14445181CAD6DA /* Sources */,
				056D7DEFB1DF4E4A828FB05A /* Frameworks */,
				C33A1E4521B84A51B723494C /* Resources */,
			);
			buildRules = (
			);
			dependencies = (
			);
			name = LivingRoomLegacy;
			packageProductDependencies = (
			);
			productName = LivingRoomLegacy;
			productReference = 961063EA16C54187BF3B121C /* LivingRoomLegacy.app */;
			productType = "com.apple.product-type.application";
		};
/* End PBXNativeTarget section */

/* Begin PBXProject section */
		643595A4B45F4646A327BFC3 /* Project object */ = {
			isa = PBXProject;
			attributes = {
				BuildIndependentTargetsInParallel = 1;
				LastSwiftUpdateCheck = 1500;
				LastUpgradeCheck = 1500;
			};
			buildConfigurationList = 032C5D8857E74F27BE277558 /* Build configuration list for PBXProject "LivingRoomLegacy" */;
			compatibilityVersion = "Xcode 14.0";
			developmentRegion = en;
			hasScannedForEncodings = 0;
			knownRegions = (
				en,
				Base,
			);
			mainGroup = 0537ED367725404A9CAA162B;
			packageReferences = (
			);
			productRefGroup = 6A99FABBDFBA4145A5774438 /* Products */;
			projectDirPath = "";
			projectRoot = "";
			targets = (
				D4A7EEF83D764FF7BFCB7546 /* LivingRoomLegacy */,
			);
			};
/* End PBXProject section */

/* Begin PBXResourcesBuildPhase section */
		C33A1E4521B84A51B723494C /* Resources */ = {
			isa = PBXResourcesBuildPhase;
			buildActionMask = 2147483647;
			files = (
				729963D081194759AF41A072 /* Assets.xcassets in Resources */,
				814A1ADC7FBA4A05AF8B0A34 /* LaunchScreen.storyboard in Resources */,
			);
			runOnlyForDeploymentPostprocessing = 0;
		};
/* End PBXResourcesBuildPhase section */

/* Begin PBXSourcesBuildPhase section */
		96D6C4C94C14445181CAD6DA /* Sources */ = {
			isa = PBXSourcesBuildPhase;
			buildActionMask = 2147483647;
			files = (
				6A1CF022D06648AF87D520B2 /* AppDelegate.swift in Sources */,
				B2D42794062C41099337CF3F /* DiscoveryDebugLog.swift in Sources */,
				A2D42794062C41099337CF3E /* MdnsDiscovery.swift in Sources */,
				77C36FFD64AC468EB832D3D2 /* ChatTurn.swift in Sources */,
				FCD08685406F49A189937396 /* IntentTimeline.swift in Sources */,
				BB494BD9A1014C2D86A99EB6 /* BrainAPI.swift in Sources */,
				251EFE8F72864BD1835C74B6 /* BrainEndpoint.swift in Sources */,
				3C37B1F9516C4920B7EF0E41 /* BrainURL.swift in Sources */,
				6EE8C9F451B949349A70CAD7 /* ConnectionManager.swift in Sources */,
				A8ED40BA592444B7A06A4B08 /* DebugReportStore.swift in Sources */,
				3EB1A6F5C57B4C8EA51E5944 /* HeartbeatLog.swift in Sources */,
				00FAD8910C724B5B83B88B6C /* IntentPoller.swift in Sources */,
				CF396527780541F1800A39B4 /* ParticipantStore.swift in Sources */,
				CAAF3C440DDB4BC2AD195669 /* ReadingCameraService.swift in Sources */,
				6AC241F4EC4B4459BF93A7FE /* ReadingPhotoStore.swift in Sources */,
				ADF1016B1DB2481785ADD2A6 /* ReadingSpeechService.swift in Sources */,
				E846F4BCFF8F4F5DAB24ECA5 /* VoiceTraceLog.swift in Sources */,
				147D3DE0ED494FEAB9597A66 /* H264VideoEncoder.swift in Sources */,
				46E76D555FD042B49ED564DC /* LegacyLiveStreamController.swift in Sources */,
				F33766F1E8A64B6F8BF618DF /* LivePushPipeline.swift in Sources */,
				5B810B8C016A462E841093B6 /* MpegTsMuxer.swift in Sources */,
				0C7981C7CC454761B25435EE /* MpegTsTcpTransport.swift in Sources */,
				8CA48BD783D94403BE9982BD /* VideoLiveCapture.swift in Sources */,
				875B5CE2F9154FFC8E3747A3 /* VideoLiveError.swift in Sources */,
				1673566159154366B8119190 /* ChatViewController.swift in Sources */,
				B849A7728B2C4A5BA824F6D6 /* InteractionViewController.swift in Sources */,
				608E63C8B0E740009EDC9AFD /* LiveStreamViewController.swift in Sources */,
				765A4567B7B94F93A0069F3E /* MainTabBarController.swift in Sources */,
				208CBF490D6E497490D1E8E2 /* ReadingCaptureViewController.swift in Sources */,
				A38167631BAD492BBE123CAC /* ReadingHubViewController.swift in Sources */,
				D2D2E7FF1659411685ECDAFC /* ReadingModeViewController.swift in Sources */,
				6B6A24F52ECA4779A46E5E51 /* SettingsViewController.swift in Sources */,
				4E7F488595A44893989CEC11 /* ChatMessageCell.swift in Sources */,
				CC8CB751A7A744DE91C87DB6 /* FeedbackStripCell.swift in Sources */,
				66F82250B7EC446886342DEC /* IntentIdCaption.swift in Sources */,
				C9B0D208EDE74C748BE79600 /* JourneyTimelineCell.swift in Sources */,
				FF939D1F3D74417FBB1F5212 /* LegacyTheme.swift in Sources */,
				89C59F222C414E1DB0CFACE0 /* PillSegmentControl.swift in Sources */,
			);
			runOnlyForDeploymentPostprocessing = 0;
		};
/* End PBXSourcesBuildPhase section */

/* Begin XCBuildConfiguration section */
		133286A30EC74DFB8A1F1EB0 /* Debug */ = {
			isa = XCBuildConfiguration;
			buildSettings = {
				ALWAYS_SEARCH_USER_PATHS = NO;
				CLANG_ENABLE_MODULES = YES;
				CLANG_ENABLE_OBJC_ARC = YES;
				COPY_PHASE_STRIP = NO;
				DEBUG_INFORMATION_FORMAT = "dwarf";
				GCC_DYNAMIC_NO_PIC = NO;
				GCC_OPTIMIZATION_LEVEL = 0;
				ONLY_ACTIVE_ARCH = YES;
				SWIFT_ACTIVE_COMPILATION_CONDITIONS = DEBUG;
				SWIFT_OPTIMIZATION_LEVEL = "-Onone";
				IPHONEOS_DEPLOYMENT_TARGET = 12.0;
				SDKROOT = iphoneos;
				SWIFT_VERSION = 5.0;
			};
			name = Debug;
		};
		90FFDB3474E84F1A929528E5 /* Release */ = {
			isa = XCBuildConfiguration;
			buildSettings = {
				ALWAYS_SEARCH_USER_PATHS = NO;
				CLANG_ENABLE_MODULES = YES;
				CLANG_ENABLE_OBJC_ARC = YES;
				COPY_PHASE_STRIP = NO;
				DEBUG_INFORMATION_FORMAT = "dwarf-with-dsym";
				IPHONEOS_DEPLOYMENT_TARGET = 12.0;
				SDKROOT = iphoneos;
				SWIFT_VERSION = 5.0;
			};
			name = Release;
		};
		F58F0CFB3F1147DDAC53FC06 /* Debug */ = {
			isa = XCBuildConfiguration;
			buildSettings = {
				ASSETCATALOG_COMPILER_APPICON_NAME = AppIcon;
				CODE_SIGN_STYLE = Automatic;
				CURRENT_PROJECT_VERSION = 7;
				ENABLE_DEBUG_DYLIB = NO;
				DEVELOPMENT_TEAM = "JD4B775BJ5";
				GENERATE_INFOPLIST_FILE = NO;
				INFOPLIST_FILE = LivingRoomLegacy/Info.plist;
				LD_RUNPATH_SEARCH_PATHS = (
					"$(inherited)",
					"@executable_path/Frameworks",
				);
				MARKETING_VERSION = 0.1.0;
				PRODUCT_BUNDLE_IDENTIFIER = com.gaolei.livingroom.legacy;
				PRODUCT_NAME = "$(TARGET_NAME)";
				SUPPORTED_PLATFORMS = "iphoneos iphonesimulator";
				SUPPORTS_MACCATALYST = NO;
				SWIFT_EMIT_LOC_STRINGS = YES;
				TARGETED_DEVICE_FAMILY = "1,2";
			};
			name = Debug;
		};
		0947977295C84D02B483B8E4 /* Release */ = {
			isa = XCBuildConfiguration;
			buildSettings = {
				ASSETCATALOG_COMPILER_APPICON_NAME = AppIcon;
				CODE_SIGN_STYLE = Automatic;
				CURRENT_PROJECT_VERSION = 7;
				ENABLE_DEBUG_DYLIB = NO;
				DEVELOPMENT_TEAM = "JD4B775BJ5";
				GENERATE_INFOPLIST_FILE = NO;
				INFOPLIST_FILE = LivingRoomLegacy/Info.plist;
				LD_RUNPATH_SEARCH_PATHS = (
					"$(inherited)",
					"@executable_path/Frameworks",
				);
				MARKETING_VERSION = 0.1.0;
				PRODUCT_BUNDLE_IDENTIFIER = com.gaolei.livingroom.legacy;
				PRODUCT_NAME = "$(TARGET_NAME)";
				SUPPORTED_PLATFORMS = "iphoneos iphonesimulator";
				SUPPORTS_MACCATALYST = NO;
				SWIFT_EMIT_LOC_STRINGS = YES;
				TARGETED_DEVICE_FAMILY = "1,2";
			};
			name = Release;
		};
/* End XCBuildConfiguration section */

/* Begin XCConfigurationList section */
		032C5D8857E74F27BE277558 /* Build configuration list for PBXProject "LivingRoomLegacy" */ = {
			isa = XCConfigurationList;
			buildConfigurations = (
				133286A30EC74DFB8A1F1EB0 /* Debug */,
				90FFDB3474E84F1A929528E5 /* Release */,
			);
			defaultConfigurationIsVisible = 0;
			defaultConfigurationName = Release;
		};
		A2C17CA0BE5E41ECBC54B582 /* Build configuration list for PBXNativeTarget "LivingRoomLegacy" */ = {
			isa = XCConfigurationList;
			buildConfigurations = (
				F58F0CFB3F1147DDAC53FC06 /* Debug */,
				0947977295C84D02B483B8E4 /* Release */,
			);
			defaultConfigurationIsVisible = 0;
			defaultConfigurationName = Release;
		};
/* End XCConfigurationList section */
	};
	rootObject = 643595A4B45F4646A327BFC3 /* Project object */;
}
