// !$*UTF8*$!
{
	archiveVersion = 1;
	classes = {};
	objectVersion = 56;
	objects = {

/* Begin PBXBuildFile section */
		A040E08AFB8B4351B2A1B4FB /* AppModel.swift in Sources */ = {isa = PBXBuildFile; fileRef = C83F75438CE2449D8012CED5 /* AppModel.swift */; };
		38FC1630A00C471DAEC3E949 /* AudioWorkspaceView.swift in Sources */ = {isa = PBXBuildFile; fileRef = 286C70B7B60740269F8B703F /* AudioWorkspaceView.swift */; };
		E1F457CD4F854BAC9E5EC537 /* BrainEnvironmentCard.swift in Sources */ = {isa = PBXBuildFile; fileRef = 174A0E45E89C4662BED0AEC6 /* BrainEnvironmentCard.swift */; };
		F494D9FDAD7B4660B6F348DB /* ClickGuard.swift in Sources */ = {isa = PBXBuildFile; fileRef = FB8C533AC0AB49D2B1C0301D /* ClickGuard.swift */; };
		8A0EAA033F1C4C75BE52C2E8 /* ContentView.swift in Sources */ = {isa = PBXBuildFile; fileRef = 732373293FF143889976BCB7 /* ContentView.swift */; };
		8F9B2D60D37141AEBFA79CFD /* EdgeTheme.swift in Sources */ = {isa = PBXBuildFile; fileRef = 4C790BC642DF4A878F17BC64 /* EdgeTheme.swift */; };
		5F3F5EE627EF497F9EA1A193 /* EntityBrowserView.swift in Sources */ = {isa = PBXBuildFile; fileRef = 0E08A79E115A4E4290B14365 /* EntityBrowserView.swift */; };
		5AEE257372BD4B3CA0888647 /* FileWorkspaceView.swift in Sources */ = {isa = PBXBuildFile; fileRef = 36840C2E20ED44F3A1CB789C /* FileWorkspaceView.swift */; };
		381B322C2D5D437481020664 /* GameControllerView.swift in Sources */ = {isa = PBXBuildFile; fileRef = 603F9F62AA244A048ADB358F /* GameControllerView.swift */; };
		DFABA339CD6C4F6DBF107FE4 /* HomeAgentMark.swift in Sources */ = {isa = PBXBuildFile; fileRef = 3F35B0B0DF3E42448F1AB45F /* HomeAgentMark.swift */; };
		FE070A07A387495198987371 /* IntentProgressOverlay.swift in Sources */ = {isa = PBXBuildFile; fileRef = 47DF6A11CCEB4B54B0712F60 /* IntentProgressOverlay.swift */; };
		833C0D930556455088ED3B14 /* LiveStreamHubView.swift in Sources */ = {isa = PBXBuildFile; fileRef = 4A9DE4C4CBD84C48BF25F195 /* LiveStreamHubView.swift */; };
		01B7727702974BD8BC287FF8 /* LiveStreamWorkspaceView.swift in Sources */ = {isa = PBXBuildFile; fileRef = 1B17ABB704D64D0EBCBFCB27 /* LiveStreamWorkspaceView.swift */; };
		C80E4576118F4D4CBCBBC779 /* LiveWatchListView.swift in Sources */ = {isa = PBXBuildFile; fileRef = F098EF752DD948EC8DF9F5F5 /* LiveWatchListView.swift */; };
		024C0B376E864E8FBD4EEA8B /* LiveWatchPlayerView.swift in Sources */ = {isa = PBXBuildFile; fileRef = CF3DB50B0CF14BB695E9AE7E /* LiveWatchPlayerView.swift */; };
		6600FC4B6D434300ACA30D37 /* LivingRoomEdgeApp.swift in Sources */ = {isa = PBXBuildFile; fileRef = AECDCEE367854F40B6FE81C8 /* LivingRoomEdgeApp.swift */; };
		0748D1AD328F49DDB53DD8A0 /* NodeInfoView.swift in Sources */ = {isa = PBXBuildFile; fileRef = FF0B0270499F456CA088EE10 /* NodeInfoView.swift */; };
		BCE5AB9C993746CCB145608C /* PhotoWorkspaceView.swift in Sources */ = {isa = PBXBuildFile; fileRef = 6D6B39E0830F43B49489D945 /* PhotoWorkspaceView.swift */; };
		FC14CF47ECAA46E09D812A3C /* RootTabView.swift in Sources */ = {isa = PBXBuildFile; fileRef = 6C036DB6D8134A179583C3EA /* RootTabView.swift */; };
		FF5C1D41B91B41EDBF40C11E /* RuntimeCapabilitiesView.swift in Sources */ = {isa = PBXBuildFile; fileRef = 58F93AC2C7A34DB6A45874A9 /* RuntimeCapabilitiesView.swift */; };
		C66F16AE2BEB48CD9E0F3E5B /* SavedUrlAssetStore.swift in Sources */ = {isa = PBXBuildFile; fileRef = 7BB2313C03BF458FBABBBDDD /* SavedUrlAssetStore.swift */; };
		70342C3BBCFB44CA9C30ABFA /* ScanWorkspaceView.swift in Sources */ = {isa = PBXBuildFile; fileRef = B182EE51A7AB41C7AA1923B7 /* ScanWorkspaceView.swift */; };
		BC490BA35C2E42DAA63F85D6 /* SystemObserverView.swift in Sources */ = {isa = PBXBuildFile; fileRef = AA5F375330634FE9B843300F /* SystemObserverView.swift */; };
		2D4829E3B83F4A9690C41A2B /* TVView.swift in Sources */ = {isa = PBXBuildFile; fileRef = 763CEC182E0E473FBD57F20B /* TVView.swift */; };
		388A6126842644849A46420D /* VideoLiveStatusClient.swift in Sources */ = {isa = PBXBuildFile; fileRef = 8EAC3C3C9B684B89988EE0CE /* VideoLiveStatusClient.swift */; };
		7B204965D452443A964A7CEE /* AssetUpload.swift in Sources */ = {isa = PBXBuildFile; fileRef = 49D09730DBF04F868DD374BD /* AssetUpload.swift */; };
		FA2736AE62BA4A3685B654AA /* CaptureStore.swift in Sources */ = {isa = PBXBuildFile; fileRef = 26055408B2A744EAAC93F127 /* CaptureStore.swift */; };
		50474EEA761C418B89E6DD9A /* LocalPhotoStore.swift in Sources */ = {isa = PBXBuildFile; fileRef = 62CF253185D648E9832FB582 /* LocalPhotoStore.swift */; };
		1A3EC38C2E2546248782F2D9 /* PhotoImgUpload.swift in Sources */ = {isa = PBXBuildFile; fileRef = C3E0BB5EC4E64FC9B2626238 /* PhotoImgUpload.swift */; };
		76EEE3ED1D5F42F48B0BF50F /* PhotoUploadDest.swift in Sources */ = {isa = PBXBuildFile; fileRef = 228F81A8948948AFA695CD0F /* PhotoUploadDest.swift */; };
		4CDBE61F5BAB4236BE5A113B /* BrainEndpoint.swift in Sources */ = {isa = PBXBuildFile; fileRef = 54A8FA0C25F24207BD1A3279 /* BrainEndpoint.swift */; };
		688FE80DC4D24EE69EC2BC84 /* IntentClient.swift in Sources */ = {isa = PBXBuildFile; fileRef = 351E7051A6794B9C94DEDF07 /* IntentClient.swift */; };
		8D0270C1DFBE4EA993F69A5E /* ParticipantStore.swift in Sources */ = {isa = PBXBuildFile; fileRef = C61C6AD66F7F4E8CB18569DD /* ParticipantStore.swift */; };
		CBF6CE5B0F0347FAAFEB2996 /* HisenseClimate.swift in Sources */ = {isa = PBXBuildFile; fileRef = E8B9E0846E194E8B8E63D790 /* HisenseClimate.swift */; };
		FC82C600A6304D5CB0BF2270 /* HisenseCloud.swift in Sources */ = {isa = PBXBuildFile; fileRef = B2649882224D440C860DCB0A /* HisenseCloud.swift */; };
		F2C841652FD64E458B63BE28 /* GameCommandTypes.swift in Sources */ = {isa = PBXBuildFile; fileRef = 215D7F71C19C40F7A4A4C30B /* GameCommandTypes.swift */; };
		B14241C8151E47189C197DC2 /* GameGestureController.swift in Sources */ = {isa = PBXBuildFile; fileRef = 5FAB86D6A6D0492494CD69C3 /* GameGestureController.swift */; };
		294240B525C14068A4F9EAE7 /* GameInputBridge.swift in Sources */ = {isa = PBXBuildFile; fileRef = 7322A1F3CC104ED9A49EE05D /* GameInputBridge.swift */; };
		033711B5D3FE4BD4B7CD08C4 /* GameSession.swift in Sources */ = {isa = PBXBuildFile; fileRef = 58FEBDFDC2B7462792F8DBAD /* GameSession.swift */; };
		7DE51C125BF9494B8E4584E2 /* GameVoiceController.swift in Sources */ = {isa = PBXBuildFile; fileRef = 5B54B9A963DB4754A99C4879 /* GameVoiceController.swift */; };
		29F92709C8D64DC383D11A74 /* TvGameLaunch.swift in Sources */ = {isa = PBXBuildFile; fileRef = EA97FA61F252479B9B0BE598 /* TvGameLaunch.swift */; };
		09F1628BA02046A591E05652 /* GoProCapture.swift in Sources */ = {isa = PBXBuildFile; fileRef = A38FB13725DD41FD94F9C0C1 /* GoProCapture.swift */; };
		E17F5265312B4E1F8D5165D8 /* GoProDriver.swift in Sources */ = {isa = PBXBuildFile; fileRef = 2FA43C32DBD742828705FDA2 /* GoProDriver.swift */; };
		D0745ED00E0D42C38DF07827 /* GoProHTTP.swift in Sources */ = {isa = PBXBuildFile; fileRef = A272ABE3F27E4DDDB2FA5C2B /* GoProHTTP.swift */; };
		307863DC15AF4375924C81A2 /* GoProStatusSnapshot.swift in Sources */ = {isa = PBXBuildFile; fileRef = FA999475BD0445F2BE3977EA /* GoProStatusSnapshot.swift */; };
		7C1393BE8C9543399EC6A653 /* RuntimeLoop.swift in Sources */ = {isa = PBXBuildFile; fileRef = 1E919F06D3554044AAC8FDB8 /* RuntimeLoop.swift */; };
		88EF9ED75DA04A9FAA08991F /* DebugClientSnapshot.swift in Sources */ = {isa = PBXBuildFile; fileRef = FF252701CF5B4A6FAD5D9F9F /* DebugClientSnapshot.swift */; };
		92872CDD237C4B8DBCB1D9E0 /* FeedbackAttachment.swift in Sources */ = {isa = PBXBuildFile; fileRef = 4951CA6C8F92494BB5F0BA4E /* FeedbackAttachment.swift */; };
		2D006050CE0E4CFFB2EA2296 /* IntentDetailCache.swift in Sources */ = {isa = PBXBuildFile; fileRef = E1C5D32E411D4A42AFB41043 /* IntentDetailCache.swift */; };
		68FC497387424376A6C94240 /* IntentJourney.swift in Sources */ = {isa = PBXBuildFile; fileRef = 493BD4AA6BBF47BD9B07DFE9 /* IntentJourney.swift */; };
		085E7E1C164C40DD8D54749D /* IntentLogisticsTimelineView.swift in Sources */ = {isa = PBXBuildFile; fileRef = 0381A88E78784C35908EF534 /* IntentLogisticsTimelineView.swift */; };
		3AFA4EC6E1264F03BCBAB7BF /* IntentUserFeedback.swift in Sources */ = {isa = PBXBuildFile; fileRef = 24DDC276FE654DC689F31A4D /* IntentUserFeedback.swift */; };
		13AE13809C834C43A9B26FC8 /* JourneyLocalCache.swift in Sources */ = {isa = PBXBuildFile; fileRef = B579C897E1704ACB823927A2 /* JourneyLocalCache.swift */; };
		07F2A7A364F544459483523F /* LivingRoomLight.swift in Sources */ = {isa = PBXBuildFile; fileRef = F630C3C005084AF9A54BA044 /* LivingRoomLight.swift */; };
		F2B19EFEA88A45B589886FDB /* DiscoveryDebugLog.swift in Sources */ = {isa = PBXBuildFile; fileRef = B549185E29E74DE190FA0CA4 /* DiscoveryDebugLog.swift */; };
		C0DB7D64E39146CE897D7055 /* MdnsDiscovery.swift in Sources */ = {isa = PBXBuildFile; fileRef = EFCB5167297C4137BA264B52 /* MdnsDiscovery.swift */; };
		5FB89823428A4A9DB5FC3759 /* TimedHTTP.swift in Sources */ = {isa = PBXBuildFile; fileRef = FEA0107C9EE44BC8B2FDA6C6 /* TimedHTTP.swift */; };
		B79B76729E14413188C9D6BF /* AudioPlayer.swift in Sources */ = {isa = PBXBuildFile; fileRef = F3EF8D0D1ADB468C9B446477 /* AudioPlayer.swift */; };
		845A6A93D871429DBB7EA47D /* AudioPreviewStore.swift in Sources */ = {isa = PBXBuildFile; fileRef = B6700438ED6F461DB6F446F1 /* AudioPreviewStore.swift */; };
		8270AC5A9FAC4B979B995E49 /* AudioRecorder.swift in Sources */ = {isa = PBXBuildFile; fileRef = DC461BF7E0DF49F689C9DD0B /* AudioRecorder.swift */; };
		F87DC4069F3348B3B73B4D84 /* SpeechRecognizer.swift in Sources */ = {isa = PBXBuildFile; fileRef = D4615AF4EC3E4AEBB4168998 /* SpeechRecognizer.swift */; };
		1387FACCFF3D40F2A8021317 /* AacAudioEncoder.swift in Sources */ = {isa = PBXBuildFile; fileRef = 81236D27ADB242FDA3F157B0 /* AacAudioEncoder.swift */; };
		E2CD770E2CA341C484B96114 /* H264VideoEncoder.swift in Sources */ = {isa = PBXBuildFile; fileRef = AD5B551604714BE1BBF986E3 /* H264VideoEncoder.swift */; };
		9B2BC4E0E5C04512B5501A84 /* MpegTsMuxer.swift in Sources */ = {isa = PBXBuildFile; fileRef = 99207152FA1E4530A3A6775B /* MpegTsMuxer.swift */; };
		887513548F1C4550AA5D5D5A /* MpegTsTcpTransport.swift in Sources */ = {isa = PBXBuildFile; fileRef = C655C2CE595E499C91A6B140 /* MpegTsTcpTransport.swift */; };
		BF49D828F48D4DB3966A092A /* VideoLiveCapture.swift in Sources */ = {isa = PBXBuildFile; fileRef = F4CDAE5277014BDA808F299B /* VideoLiveCapture.swift */; };
		8B432A06E8AA431DA01CD8DE /* VideoLiveStreamController.swift in Sources */ = {isa = PBXBuildFile; fileRef = 2A8B388562EF4BE1966A43B2 /* VideoLiveStreamController.swift */; };
		75BDC2BE8B974F198BE694E3 /* VisualInput.swift in Sources */ = {isa = PBXBuildFile; fileRef = CBC4DD758E764ABF846F1150 /* VisualInput.swift */; };
		FC55AA7B88D84B168C42887B /* off.m4a in Resources */ = {isa = PBXBuildFile; fileRef = 4E5D8221FB4245D189DF2977 /* off.m4a */; };
		219860C71D544DCAB38B0F79 /* on.m4a in Resources */ = {isa = PBXBuildFile; fileRef = FC5EE7CF112A46A9BE31DB9A /* on.m4a */; };
		E706771B00284F9791283823 /* wake.m4a in Resources */ = {isa = PBXBuildFile; fileRef = CFCDC7CC8EAE449EBAB63A56 /* wake.m4a */; };
		D78375FC60234861BD4740C9 /* Assets.xcassets in Resources */ = {isa = PBXBuildFile; fileRef = 6FE40825D2334152BD0BA934 /* Assets.xcassets */; };
/* End PBXBuildFile section */

/* Begin PBXFileReference section */
		F826043247834D9B861C27E2 /* LivingRoomEdge.app */ = {isa = PBXFileReference; explicitFileType = wrapper.application; includeInIndex = 0; path = LivingRoomEdge.app; sourceTree = BUILT_PRODUCTS_DIR; };
		C83F75438CE2449D8012CED5 /* AppModel.swift */ = {isa = PBXFileReference; lastKnownFileType = sourcecode.swift; path = AppModel.swift; sourceTree = "<group>"; };
		286C70B7B60740269F8B703F /* AudioWorkspaceView.swift */ = {isa = PBXFileReference; lastKnownFileType = sourcecode.swift; path = AudioWorkspaceView.swift; sourceTree = "<group>"; };
		174A0E45E89C4662BED0AEC6 /* BrainEnvironmentCard.swift */ = {isa = PBXFileReference; lastKnownFileType = sourcecode.swift; path = BrainEnvironmentCard.swift; sourceTree = "<group>"; };
		FB8C533AC0AB49D2B1C0301D /* ClickGuard.swift */ = {isa = PBXFileReference; lastKnownFileType = sourcecode.swift; path = ClickGuard.swift; sourceTree = "<group>"; };
		732373293FF143889976BCB7 /* ContentView.swift */ = {isa = PBXFileReference; lastKnownFileType = sourcecode.swift; path = ContentView.swift; sourceTree = "<group>"; };
		4C790BC642DF4A878F17BC64 /* EdgeTheme.swift */ = {isa = PBXFileReference; lastKnownFileType = sourcecode.swift; path = EdgeTheme.swift; sourceTree = "<group>"; };
		0E08A79E115A4E4290B14365 /* EntityBrowserView.swift */ = {isa = PBXFileReference; lastKnownFileType = sourcecode.swift; path = EntityBrowserView.swift; sourceTree = "<group>"; };
		36840C2E20ED44F3A1CB789C /* FileWorkspaceView.swift */ = {isa = PBXFileReference; lastKnownFileType = sourcecode.swift; path = FileWorkspaceView.swift; sourceTree = "<group>"; };
		603F9F62AA244A048ADB358F /* GameControllerView.swift */ = {isa = PBXFileReference; lastKnownFileType = sourcecode.swift; path = GameControllerView.swift; sourceTree = "<group>"; };
		3F35B0B0DF3E42448F1AB45F /* HomeAgentMark.swift */ = {isa = PBXFileReference; lastKnownFileType = sourcecode.swift; path = HomeAgentMark.swift; sourceTree = "<group>"; };
		47DF6A11CCEB4B54B0712F60 /* IntentProgressOverlay.swift */ = {isa = PBXFileReference; lastKnownFileType = sourcecode.swift; path = IntentProgressOverlay.swift; sourceTree = "<group>"; };
		4A9DE4C4CBD84C48BF25F195 /* LiveStreamHubView.swift */ = {isa = PBXFileReference; lastKnownFileType = sourcecode.swift; path = LiveStreamHubView.swift; sourceTree = "<group>"; };
		1B17ABB704D64D0EBCBFCB27 /* LiveStreamWorkspaceView.swift */ = {isa = PBXFileReference; lastKnownFileType = sourcecode.swift; path = LiveStreamWorkspaceView.swift; sourceTree = "<group>"; };
		F098EF752DD948EC8DF9F5F5 /* LiveWatchListView.swift */ = {isa = PBXFileReference; lastKnownFileType = sourcecode.swift; path = LiveWatchListView.swift; sourceTree = "<group>"; };
		CF3DB50B0CF14BB695E9AE7E /* LiveWatchPlayerView.swift */ = {isa = PBXFileReference; lastKnownFileType = sourcecode.swift; path = LiveWatchPlayerView.swift; sourceTree = "<group>"; };
		AECDCEE367854F40B6FE81C8 /* LivingRoomEdgeApp.swift */ = {isa = PBXFileReference; lastKnownFileType = sourcecode.swift; path = LivingRoomEdgeApp.swift; sourceTree = "<group>"; };
		FF0B0270499F456CA088EE10 /* NodeInfoView.swift */ = {isa = PBXFileReference; lastKnownFileType = sourcecode.swift; path = NodeInfoView.swift; sourceTree = "<group>"; };
		6D6B39E0830F43B49489D945 /* PhotoWorkspaceView.swift */ = {isa = PBXFileReference; lastKnownFileType = sourcecode.swift; path = PhotoWorkspaceView.swift; sourceTree = "<group>"; };
		6C036DB6D8134A179583C3EA /* RootTabView.swift */ = {isa = PBXFileReference; lastKnownFileType = sourcecode.swift; path = RootTabView.swift; sourceTree = "<group>"; };
		58F93AC2C7A34DB6A45874A9 /* RuntimeCapabilitiesView.swift */ = {isa = PBXFileReference; lastKnownFileType = sourcecode.swift; path = RuntimeCapabilitiesView.swift; sourceTree = "<group>"; };
		7BB2313C03BF458FBABBBDDD /* SavedUrlAssetStore.swift */ = {isa = PBXFileReference; lastKnownFileType = sourcecode.swift; path = SavedUrlAssetStore.swift; sourceTree = "<group>"; };
		B182EE51A7AB41C7AA1923B7 /* ScanWorkspaceView.swift */ = {isa = PBXFileReference; lastKnownFileType = sourcecode.swift; path = ScanWorkspaceView.swift; sourceTree = "<group>"; };
		AA5F375330634FE9B843300F /* SystemObserverView.swift */ = {isa = PBXFileReference; lastKnownFileType = sourcecode.swift; path = SystemObserverView.swift; sourceTree = "<group>"; };
		763CEC182E0E473FBD57F20B /* TVView.swift */ = {isa = PBXFileReference; lastKnownFileType = sourcecode.swift; path = TVView.swift; sourceTree = "<group>"; };
		8EAC3C3C9B684B89988EE0CE /* VideoLiveStatusClient.swift */ = {isa = PBXFileReference; lastKnownFileType = sourcecode.swift; path = VideoLiveStatusClient.swift; sourceTree = "<group>"; };
		49D09730DBF04F868DD374BD /* AssetUpload.swift */ = {isa = PBXFileReference; lastKnownFileType = sourcecode.swift; path = AssetUpload.swift; sourceTree = "<group>"; };
		26055408B2A744EAAC93F127 /* CaptureStore.swift */ = {isa = PBXFileReference; lastKnownFileType = sourcecode.swift; path = CaptureStore.swift; sourceTree = "<group>"; };
		62CF253185D648E9832FB582 /* LocalPhotoStore.swift */ = {isa = PBXFileReference; lastKnownFileType = sourcecode.swift; path = LocalPhotoStore.swift; sourceTree = "<group>"; };
		C3E0BB5EC4E64FC9B2626238 /* PhotoImgUpload.swift */ = {isa = PBXFileReference; lastKnownFileType = sourcecode.swift; path = PhotoImgUpload.swift; sourceTree = "<group>"; };
		228F81A8948948AFA695CD0F /* PhotoUploadDest.swift */ = {isa = PBXFileReference; lastKnownFileType = sourcecode.swift; path = PhotoUploadDest.swift; sourceTree = "<group>"; };
		54A8FA0C25F24207BD1A3279 /* BrainEndpoint.swift */ = {isa = PBXFileReference; lastKnownFileType = sourcecode.swift; path = BrainEndpoint.swift; sourceTree = "<group>"; };
		351E7051A6794B9C94DEDF07 /* IntentClient.swift */ = {isa = PBXFileReference; lastKnownFileType = sourcecode.swift; path = IntentClient.swift; sourceTree = "<group>"; };
		C61C6AD66F7F4E8CB18569DD /* ParticipantStore.swift */ = {isa = PBXFileReference; lastKnownFileType = sourcecode.swift; path = ParticipantStore.swift; sourceTree = "<group>"; };
		E8B9E0846E194E8B8E63D790 /* HisenseClimate.swift */ = {isa = PBXFileReference; lastKnownFileType = sourcecode.swift; path = HisenseClimate.swift; sourceTree = "<group>"; };
		B2649882224D440C860DCB0A /* HisenseCloud.swift */ = {isa = PBXFileReference; lastKnownFileType = sourcecode.swift; path = HisenseCloud.swift; sourceTree = "<group>"; };
		215D7F71C19C40F7A4A4C30B /* GameCommandTypes.swift */ = {isa = PBXFileReference; lastKnownFileType = sourcecode.swift; path = GameCommandTypes.swift; sourceTree = "<group>"; };
		5FAB86D6A6D0492494CD69C3 /* GameGestureController.swift */ = {isa = PBXFileReference; lastKnownFileType = sourcecode.swift; path = GameGestureController.swift; sourceTree = "<group>"; };
		7322A1F3CC104ED9A49EE05D /* GameInputBridge.swift */ = {isa = PBXFileReference; lastKnownFileType = sourcecode.swift; path = GameInputBridge.swift; sourceTree = "<group>"; };
		58FEBDFDC2B7462792F8DBAD /* GameSession.swift */ = {isa = PBXFileReference; lastKnownFileType = sourcecode.swift; path = GameSession.swift; sourceTree = "<group>"; };
		5B54B9A963DB4754A99C4879 /* GameVoiceController.swift */ = {isa = PBXFileReference; lastKnownFileType = sourcecode.swift; path = GameVoiceController.swift; sourceTree = "<group>"; };
		EA97FA61F252479B9B0BE598 /* TvGameLaunch.swift */ = {isa = PBXFileReference; lastKnownFileType = sourcecode.swift; path = TvGameLaunch.swift; sourceTree = "<group>"; };
		A38FB13725DD41FD94F9C0C1 /* GoProCapture.swift */ = {isa = PBXFileReference; lastKnownFileType = sourcecode.swift; path = GoProCapture.swift; sourceTree = "<group>"; };
		2FA43C32DBD742828705FDA2 /* GoProDriver.swift */ = {isa = PBXFileReference; lastKnownFileType = sourcecode.swift; path = GoProDriver.swift; sourceTree = "<group>"; };
		A272ABE3F27E4DDDB2FA5C2B /* GoProHTTP.swift */ = {isa = PBXFileReference; lastKnownFileType = sourcecode.swift; path = GoProHTTP.swift; sourceTree = "<group>"; };
		FA999475BD0445F2BE3977EA /* GoProStatusSnapshot.swift */ = {isa = PBXFileReference; lastKnownFileType = sourcecode.swift; path = GoProStatusSnapshot.swift; sourceTree = "<group>"; };
		1E919F06D3554044AAC8FDB8 /* RuntimeLoop.swift */ = {isa = PBXFileReference; lastKnownFileType = sourcecode.swift; path = RuntimeLoop.swift; sourceTree = "<group>"; };
		FF252701CF5B4A6FAD5D9F9F /* DebugClientSnapshot.swift */ = {isa = PBXFileReference; lastKnownFileType = sourcecode.swift; path = DebugClientSnapshot.swift; sourceTree = "<group>"; };
		4951CA6C8F92494BB5F0BA4E /* FeedbackAttachment.swift */ = {isa = PBXFileReference; lastKnownFileType = sourcecode.swift; path = FeedbackAttachment.swift; sourceTree = "<group>"; };
		E1C5D32E411D4A42AFB41043 /* IntentDetailCache.swift */ = {isa = PBXFileReference; lastKnownFileType = sourcecode.swift; path = IntentDetailCache.swift; sourceTree = "<group>"; };
		493BD4AA6BBF47BD9B07DFE9 /* IntentJourney.swift */ = {isa = PBXFileReference; lastKnownFileType = sourcecode.swift; path = IntentJourney.swift; sourceTree = "<group>"; };
		0381A88E78784C35908EF534 /* IntentLogisticsTimelineView.swift */ = {isa = PBXFileReference; lastKnownFileType = sourcecode.swift; path = IntentLogisticsTimelineView.swift; sourceTree = "<group>"; };
		24DDC276FE654DC689F31A4D /* IntentUserFeedback.swift */ = {isa = PBXFileReference; lastKnownFileType = sourcecode.swift; path = IntentUserFeedback.swift; sourceTree = "<group>"; };
		B579C897E1704ACB823927A2 /* JourneyLocalCache.swift */ = {isa = PBXFileReference; lastKnownFileType = sourcecode.swift; path = JourneyLocalCache.swift; sourceTree = "<group>"; };
		F630C3C005084AF9A54BA044 /* LivingRoomLight.swift */ = {isa = PBXFileReference; lastKnownFileType = sourcecode.swift; path = LivingRoomLight.swift; sourceTree = "<group>"; };
		B549185E29E74DE190FA0CA4 /* DiscoveryDebugLog.swift */ = {isa = PBXFileReference; lastKnownFileType = sourcecode.swift; path = DiscoveryDebugLog.swift; sourceTree = "<group>"; };
		EFCB5167297C4137BA264B52 /* MdnsDiscovery.swift */ = {isa = PBXFileReference; lastKnownFileType = sourcecode.swift; path = MdnsDiscovery.swift; sourceTree = "<group>"; };
		FEA0107C9EE44BC8B2FDA6C6 /* TimedHTTP.swift */ = {isa = PBXFileReference; lastKnownFileType = sourcecode.swift; path = TimedHTTP.swift; sourceTree = "<group>"; };
		F3EF8D0D1ADB468C9B446477 /* AudioPlayer.swift */ = {isa = PBXFileReference; lastKnownFileType = sourcecode.swift; path = AudioPlayer.swift; sourceTree = "<group>"; };
		B6700438ED6F461DB6F446F1 /* AudioPreviewStore.swift */ = {isa = PBXFileReference; lastKnownFileType = sourcecode.swift; path = AudioPreviewStore.swift; sourceTree = "<group>"; };
		DC461BF7E0DF49F689C9DD0B /* AudioRecorder.swift */ = {isa = PBXFileReference; lastKnownFileType = sourcecode.swift; path = AudioRecorder.swift; sourceTree = "<group>"; };
		D4615AF4EC3E4AEBB4168998 /* SpeechRecognizer.swift */ = {isa = PBXFileReference; lastKnownFileType = sourcecode.swift; path = SpeechRecognizer.swift; sourceTree = "<group>"; };
		81236D27ADB242FDA3F157B0 /* AacAudioEncoder.swift */ = {isa = PBXFileReference; lastKnownFileType = sourcecode.swift; path = AacAudioEncoder.swift; sourceTree = "<group>"; };
		AD5B551604714BE1BBF986E3 /* H264VideoEncoder.swift */ = {isa = PBXFileReference; lastKnownFileType = sourcecode.swift; path = H264VideoEncoder.swift; sourceTree = "<group>"; };
		99207152FA1E4530A3A6775B /* MpegTsMuxer.swift */ = {isa = PBXFileReference; lastKnownFileType = sourcecode.swift; path = MpegTsMuxer.swift; sourceTree = "<group>"; };
		C655C2CE595E499C91A6B140 /* MpegTsTcpTransport.swift */ = {isa = PBXFileReference; lastKnownFileType = sourcecode.swift; path = MpegTsTcpTransport.swift; sourceTree = "<group>"; };
		F4CDAE5277014BDA808F299B /* VideoLiveCapture.swift */ = {isa = PBXFileReference; lastKnownFileType = sourcecode.swift; path = VideoLiveCapture.swift; sourceTree = "<group>"; };
		2A8B388562EF4BE1966A43B2 /* VideoLiveStreamController.swift */ = {isa = PBXFileReference; lastKnownFileType = sourcecode.swift; path = VideoLiveStreamController.swift; sourceTree = "<group>"; };
		CBC4DD758E764ABF846F1150 /* VisualInput.swift */ = {isa = PBXFileReference; lastKnownFileType = sourcecode.swift; path = VisualInput.swift; sourceTree = "<group>"; };
		4E5D8221FB4245D189DF2977 /* off.m4a */ = {isa = PBXFileReference; lastKnownFileType = audio; path = off.m4a; sourceTree = "<group>"; };
		FC5EE7CF112A46A9BE31DB9A /* on.m4a */ = {isa = PBXFileReference; lastKnownFileType = audio; path = on.m4a; sourceTree = "<group>"; };
		CFCDC7CC8EAE449EBAB63A56 /* wake.m4a */ = {isa = PBXFileReference; lastKnownFileType = audio; path = wake.m4a; sourceTree = "<group>"; };
		EB35492D5F5B4A7BB9B56602 /* Info.plist */ = {isa = PBXFileReference; lastKnownFileType = text.plist.xml; path = Info.plist; sourceTree = "<group>"; };
		6FE40825D2334152BD0BA934 /* Assets.xcassets */ = {isa = PBXFileReference; lastKnownFileType = folder.assetcatalog; path = Assets.xcassets; sourceTree = "<group>"; };
/* End PBXFileReference section */

/* Begin PBXFrameworksBuildPhase section */
		FD8F1D6420104C908237103C /* Frameworks */ = {
			isa = PBXFrameworksBuildPhase;
			buildActionMask = 2147483647;
			files = (
			);
			runOnlyForDeploymentPostprocessing = 0;
		};
/* End PBXFrameworksBuildPhase section */

/* Begin PBXGroup section */
		2FF17AC59C31463DA989F0A7 = {
			isa = PBXGroup;
			children = (
				D81E32F8A56C4E7494933E86 /* LivingRoomEdge */,
				23D9BE7238CE49D1AB16C1A1 /* Products */,
			);
			sourceTree = "<group>";
		};
		23D9BE7238CE49D1AB16C1A1 /* Products */ = {
			isa = PBXGroup;
			children = (
				F826043247834D9B861C27E2 /* LivingRoomEdge.app */,
			);
			name = Products;
			sourceTree = "<group>";
		};
		D81E32F8A56C4E7494933E86 /* LivingRoomEdge */ = {
			isa = PBXGroup;
			children = (
				5E2E3949191F4133807E40AA,
				C8D94D3CA1EE4961889C24DA,
				E46ACBF7E0034571B04934C8,
				71D3515421B94A5FADEEE4CF,
				C5C1053574364EC0A17DDDB5,
				ED4C85F29CC14AB2918D3751,
				12B07AD2CC0A49E3B24AF8C5,
				1949F697DF7F4A2F9D5C66CE,
				BA50782C875845F0AB7B4AF3,
				096A81F21EE04F0B8B7AA63C,
				B96F143D1DDE4F1F85FB11A1,
				01AC2FFCE66C4A539F2BBF2C,
				EB35492D5F5B4A7BB9B56602,
				6FE40825D2334152BD0BA934,
			);
			path = LivingRoomEdge;
			sourceTree = "<group>";
		};
		5E2E3949191F4133807E40AA /* App */ = {
			isa = PBXGroup;
			children = (
				C83F75438CE2449D8012CED5,
				286C70B7B60740269F8B703F,
				174A0E45E89C4662BED0AEC6,
				FB8C533AC0AB49D2B1C0301D,
				732373293FF143889976BCB7,
				4C790BC642DF4A878F17BC64,
				0E08A79E115A4E4290B14365,
				36840C2E20ED44F3A1CB789C,
				603F9F62AA244A048ADB358F,
				3F35B0B0DF3E42448F1AB45F,
				47DF6A11CCEB4B54B0712F60,
				4A9DE4C4CBD84C48BF25F195,
				1B17ABB704D64D0EBCBFCB27,
				F098EF752DD948EC8DF9F5F5,
				CF3DB50B0CF14BB695E9AE7E,
				AECDCEE367854F40B6FE81C8,
				FF0B0270499F456CA088EE10,
				6D6B39E0830F43B49489D945,
				6C036DB6D8134A179583C3EA,
				58F93AC2C7A34DB6A45874A9,
				7BB2313C03BF458FBABBBDDD,
				B182EE51A7AB41C7AA1923B7,
				AA5F375330634FE9B843300F,
				763CEC182E0E473FBD57F20B,
				8EAC3C3C9B684B89988EE0CE,
			);
			path = App;
			sourceTree = "<group>";
		};
		C8D94D3CA1EE4961889C24DA /* Asset */ = {
			isa = PBXGroup;
			children = (
				49D09730DBF04F868DD374BD,
				26055408B2A744EAAC93F127,
				62CF253185D648E9832FB582,
				C3E0BB5EC4E64FC9B2626238,
				228F81A8948948AFA695CD0F,
			);
			path = Asset;
			sourceTree = "<group>";
		};
		E46ACBF7E0034571B04934C8 /* Brain */ = {
			isa = PBXGroup;
			children = (
				54A8FA0C25F24207BD1A3279,
				351E7051A6794B9C94DEDF07,
				C61C6AD66F7F4E8CB18569DD,
			);
			path = Brain;
			sourceTree = "<group>";
		};
		71D3515421B94A5FADEEE4CF /* Climate */ = {
			isa = PBXGroup;
			children = (
				E8B9E0846E194E8B8E63D790,
				B2649882224D440C860DCB0A,
			);
			path = Climate;
			sourceTree = "<group>";
		};
		C5C1053574364EC0A17DDDB5 /* Game */ = {
			isa = PBXGroup;
			children = (
				215D7F71C19C40F7A4A4C30B,
				5FAB86D6A6D0492494CD69C3,
				7322A1F3CC104ED9A49EE05D,
				58FEBDFDC2B7462792F8DBAD,
				5B54B9A963DB4754A99C4879,
				EA97FA61F252479B9B0BE598,
			);
			path = Game;
			sourceTree = "<group>";
		};
		ED4C85F29CC14AB2918D3751 /* GoPro */ = {
			isa = PBXGroup;
			children = (
				A38FB13725DD41FD94F9C0C1,
				2FA43C32DBD742828705FDA2,
				A272ABE3F27E4DDDB2FA5C2B,
				FA999475BD0445F2BE3977EA,
				1E919F06D3554044AAC8FDB8,
			);
			path = GoPro;
			sourceTree = "<group>";
		};
		12B07AD2CC0A49E3B24AF8C5 /* Intent */ = {
			isa = PBXGroup;
			children = (
				FF252701CF5B4A6FAD5D9F9F,
				4951CA6C8F92494BB5F0BA4E,
				E1C5D32E411D4A42AFB41043,
				493BD4AA6BBF47BD9B07DFE9,
				0381A88E78784C35908EF534,
				24DDC276FE654DC689F31A4D,
				B579C897E1704ACB823927A2,
			);
			path = Intent;
			sourceTree = "<group>";
		};
		1949F697DF7F4A2F9D5C66CE /* Light */ = {
			isa = PBXGroup;
			children = (
				9D3E428451C34DEE98F83B62,
				F630C3C005084AF9A54BA044,
			);
			path = Light;
			sourceTree = "<group>";
		};
		9D3E428451C34DEE98F83B62 /* Audio */ = {
			isa = PBXGroup;
			children = (
				4E5D8221FB4245D189DF2977,
				FC5EE7CF112A46A9BE31DB9A,
				CFCDC7CC8EAE449EBAB63A56,
			);
			path = Audio;
			sourceTree = "<group>";
		};
		BA50782C875845F0AB7B4AF3 /* Net */ = {
			isa = PBXGroup;
			children = (
				B549185E29E74DE190FA0CA4,
				EFCB5167297C4137BA264B52,
				FEA0107C9EE44BC8B2FDA6C6,
			);
			path = Net;
			sourceTree = "<group>";
		};
		096A81F21EE04F0B8B7AA63C /* Speech */ = {
			isa = PBXGroup;
			children = (
				F3EF8D0D1ADB468C9B446477,
				B6700438ED6F461DB6F446F1,
				DC461BF7E0DF49F689C9DD0B,
				D4615AF4EC3E4AEBB4168998,
			);
			path = Speech;
			sourceTree = "<group>";
		};
		B96F143D1DDE4F1F85FB11A1 /* VideoLiveStream */ = {
			isa = PBXGroup;
			children = (
				81236D27ADB242FDA3F157B0,
				AD5B551604714BE1BBF986E3,
				99207152FA1E4530A3A6775B,
				C655C2CE595E499C91A6B140,
				F4CDAE5277014BDA808F299B,
				2A8B388562EF4BE1966A43B2,
			);
			path = VideoLiveStream;
			sourceTree = "<group>";
		};
		01AC2FFCE66C4A539F2BBF2C /* VisualInput */ = {
			isa = PBXGroup;
			children = (
				CBC4DD758E764ABF846F1150,
			);
			path = VisualInput;
			sourceTree = "<group>";
		};
/* End PBXGroup section */

/* Begin PBXNativeTarget section */
		915471C3B2124B05A0C73994 /* LivingRoomEdge */ = {
			isa = PBXNativeTarget;
			buildConfigurationList = E9DBA2A5FD524736A691C733 /* Build configuration list for PBXNativeTarget "LivingRoomEdge" */;
			buildPhases = (
				54FDFF0DB040486F9C407FD5 /* Sources */,
				FD8F1D6420104C908237103C /* Frameworks */,
				D4F871C3DEC9469AA179DF09 /* Resources */,
			);
			buildRules = (
			);
			dependencies = (
			);
			name = LivingRoomEdge;
			packageProductDependencies = (
			);
			productName = LivingRoomEdge;
			productReference = F826043247834D9B861C27E2 /* LivingRoomEdge.app */;
			productType = "com.apple.product-type.application";
		};
/* End PBXNativeTarget section */

/* Begin PBXProject section */
		50E349D883E741E2BC8B3487 /* Project object */ = {
			isa = PBXProject;
			attributes = {
				BuildIndependentTargetsInParallel = 1;
				LastSwiftUpdateCheck = 1500;
				LastUpgradeCheck = 1500;
			};
			buildConfigurationList = 9BFA8C270A1B452A9CB7C28F /* Build configuration list for PBXProject "LivingRoomEdge" */;
			compatibilityVersion = "Xcode 14.0";
			developmentRegion = en;
			hasScannedForEncodings = 0;
			knownRegions = (
				en,
				Base,
			);
			mainGroup = 2FF17AC59C31463DA989F0A7;
			packageReferences = (
			);
			productRefGroup = 23D9BE7238CE49D1AB16C1A1 /* Products */;
			projectDirPath = "";
			projectRoot = "";
			targets = (
				915471C3B2124B05A0C73994 /* LivingRoomEdge */,
			);
		};
/* End PBXProject section */

/* Begin PBXResourcesBuildPhase section */
		D4F871C3DEC9469AA179DF09 /* Resources */ = {
			isa = PBXResourcesBuildPhase;
			buildActionMask = 2147483647;
			files = (
				FC55AA7B88D84B168C42887B /* off.m4a in Resources */,
				219860C71D544DCAB38B0F79 /* on.m4a in Resources */,
				E706771B00284F9791283823 /* wake.m4a in Resources */,
				D78375FC60234861BD4740C9 /* Assets.xcassets in Resources */,
			);
			runOnlyForDeploymentPostprocessing = 0;
		};
/* End PBXResourcesBuildPhase section */

/* Begin PBXSourcesBuildPhase section */
		54FDFF0DB040486F9C407FD5 /* Sources */ = {
			isa = PBXSourcesBuildPhase;
			buildActionMask = 2147483647;
			files = (
				A040E08AFB8B4351B2A1B4FB /* AppModel.swift in Sources */,
				38FC1630A00C471DAEC3E949 /* AudioWorkspaceView.swift in Sources */,
				E1F457CD4F854BAC9E5EC537 /* BrainEnvironmentCard.swift in Sources */,
				F494D9FDAD7B4660B6F348DB /* ClickGuard.swift in Sources */,
				8A0EAA033F1C4C75BE52C2E8 /* ContentView.swift in Sources */,
				8F9B2D60D37141AEBFA79CFD /* EdgeTheme.swift in Sources */,
				5F3F5EE627EF497F9EA1A193 /* EntityBrowserView.swift in Sources */,
				5AEE257372BD4B3CA0888647 /* FileWorkspaceView.swift in Sources */,
				381B322C2D5D437481020664 /* GameControllerView.swift in Sources */,
				DFABA339CD6C4F6DBF107FE4 /* HomeAgentMark.swift in Sources */,
				FE070A07A387495198987371 /* IntentProgressOverlay.swift in Sources */,
				833C0D930556455088ED3B14 /* LiveStreamHubView.swift in Sources */,
				01B7727702974BD8BC287FF8 /* LiveStreamWorkspaceView.swift in Sources */,
				C80E4576118F4D4CBCBBC779 /* LiveWatchListView.swift in Sources */,
				024C0B376E864E8FBD4EEA8B /* LiveWatchPlayerView.swift in Sources */,
				6600FC4B6D434300ACA30D37 /* LivingRoomEdgeApp.swift in Sources */,
				0748D1AD328F49DDB53DD8A0 /* NodeInfoView.swift in Sources */,
				BCE5AB9C993746CCB145608C /* PhotoWorkspaceView.swift in Sources */,
				FC14CF47ECAA46E09D812A3C /* RootTabView.swift in Sources */,
				FF5C1D41B91B41EDBF40C11E /* RuntimeCapabilitiesView.swift in Sources */,
				C66F16AE2BEB48CD9E0F3E5B /* SavedUrlAssetStore.swift in Sources */,
				70342C3BBCFB44CA9C30ABFA /* ScanWorkspaceView.swift in Sources */,
				BC490BA35C2E42DAA63F85D6 /* SystemObserverView.swift in Sources */,
				2D4829E3B83F4A9690C41A2B /* TVView.swift in Sources */,
				388A6126842644849A46420D /* VideoLiveStatusClient.swift in Sources */,
				7B204965D452443A964A7CEE /* AssetUpload.swift in Sources */,
				FA2736AE62BA4A3685B654AA /* CaptureStore.swift in Sources */,
				50474EEA761C418B89E6DD9A /* LocalPhotoStore.swift in Sources */,
				1A3EC38C2E2546248782F2D9 /* PhotoImgUpload.swift in Sources */,
				76EEE3ED1D5F42F48B0BF50F /* PhotoUploadDest.swift in Sources */,
				4CDBE61F5BAB4236BE5A113B /* BrainEndpoint.swift in Sources */,
				688FE80DC4D24EE69EC2BC84 /* IntentClient.swift in Sources */,
				8D0270C1DFBE4EA993F69A5E /* ParticipantStore.swift in Sources */,
				CBF6CE5B0F0347FAAFEB2996 /* HisenseClimate.swift in Sources */,
				FC82C600A6304D5CB0BF2270 /* HisenseCloud.swift in Sources */,
				F2C841652FD64E458B63BE28 /* GameCommandTypes.swift in Sources */,
				B14241C8151E47189C197DC2 /* GameGestureController.swift in Sources */,
				294240B525C14068A4F9EAE7 /* GameInputBridge.swift in Sources */,
				033711B5D3FE4BD4B7CD08C4 /* GameSession.swift in Sources */,
				7DE51C125BF9494B8E4584E2 /* GameVoiceController.swift in Sources */,
				29F92709C8D64DC383D11A74 /* TvGameLaunch.swift in Sources */,
				09F1628BA02046A591E05652 /* GoProCapture.swift in Sources */,
				E17F5265312B4E1F8D5165D8 /* GoProDriver.swift in Sources */,
				D0745ED00E0D42C38DF07827 /* GoProHTTP.swift in Sources */,
				307863DC15AF4375924C81A2 /* GoProStatusSnapshot.swift in Sources */,
				7C1393BE8C9543399EC6A653 /* RuntimeLoop.swift in Sources */,
				88EF9ED75DA04A9FAA08991F /* DebugClientSnapshot.swift in Sources */,
				92872CDD237C4B8DBCB1D9E0 /* FeedbackAttachment.swift in Sources */,
				2D006050CE0E4CFFB2EA2296 /* IntentDetailCache.swift in Sources */,
				68FC497387424376A6C94240 /* IntentJourney.swift in Sources */,
				085E7E1C164C40DD8D54749D /* IntentLogisticsTimelineView.swift in Sources */,
				3AFA4EC6E1264F03BCBAB7BF /* IntentUserFeedback.swift in Sources */,
				13AE13809C834C43A9B26FC8 /* JourneyLocalCache.swift in Sources */,
				07F2A7A364F544459483523F /* LivingRoomLight.swift in Sources */,
				F2B19EFEA88A45B589886FDB /* DiscoveryDebugLog.swift in Sources */,
				C0DB7D64E39146CE897D7055 /* MdnsDiscovery.swift in Sources */,
				5FB89823428A4A9DB5FC3759 /* TimedHTTP.swift in Sources */,
				B79B76729E14413188C9D6BF /* AudioPlayer.swift in Sources */,
				845A6A93D871429DBB7EA47D /* AudioPreviewStore.swift in Sources */,
				8270AC5A9FAC4B979B995E49 /* AudioRecorder.swift in Sources */,
				F87DC4069F3348B3B73B4D84 /* SpeechRecognizer.swift in Sources */,
				1387FACCFF3D40F2A8021317 /* AacAudioEncoder.swift in Sources */,
				E2CD770E2CA341C484B96114 /* H264VideoEncoder.swift in Sources */,
				9B2BC4E0E5C04512B5501A84 /* MpegTsMuxer.swift in Sources */,
				887513548F1C4550AA5D5D5A /* MpegTsTcpTransport.swift in Sources */,
				BF49D828F48D4DB3966A092A /* VideoLiveCapture.swift in Sources */,
				8B432A06E8AA431DA01CD8DE /* VideoLiveStreamController.swift in Sources */,
				75BDC2BE8B974F198BE694E3 /* VisualInput.swift in Sources */,
			);
			runOnlyForDeploymentPostprocessing = 0;
		};
/* End PBXSourcesBuildPhase section */

/* Begin XCBuildConfiguration section */
		B1E0DD3C101D4E07A2BFE246 /* Debug */ = {
			isa = XCBuildConfiguration;
			buildSettings = {
				ALWAYS_SEARCH_USER_PATHS = NO;
				CLANG_ENABLE_MODULES = YES;
				CLANG_ENABLE_OBJC_ARC = YES;
				COPY_PHASE_STRIP = NO;
				DEBUG_INFORMATION_FORMAT = "dwarf";
				GCC_DYNAMIC_NO_PIC = NO;
				GCC_OPTIMIZATION_LEVEL = 0;
				ONLY_ACTIVE_ARCH = YES;
				SWIFT_ACTIVE_COMPILATION_CONDITIONS = DEBUG;
				SWIFT_OPTIMIZATION_LEVEL = "-Onone";
				IPHONEOS_DEPLOYMENT_TARGET = 17.0;
				SDKROOT = iphoneos;
				SWIFT_VERSION = 5.0;
			};
			name = Debug;
		};
		C1FAE6F44585491EA36D188C /* Release */ = {
			isa = XCBuildConfiguration;
			buildSettings = {
				ALWAYS_SEARCH_USER_PATHS = NO;
				CLANG_ENABLE_MODULES = YES;
				CLANG_ENABLE_OBJC_ARC = YES;
				COPY_PHASE_STRIP = NO;
				DEBUG_INFORMATION_FORMAT = "dwarf-with-dsym";
				IPHONEOS_DEPLOYMENT_TARGET = 17.0;
				SDKROOT = iphoneos;
				SWIFT_VERSION = 5.0;
			};
			name = Release;
		};
		F13604CE7E924C958ABDE768 /* Debug */ = {
			isa = XCBuildConfiguration;
			buildSettings = {
				CODE_SIGN_STYLE = Automatic;
				CURRENT_PROJECT_VERSION = 5;
				DEVELOPMENT_TEAM = "";
				ENABLE_PREVIEWS = YES;
				GENERATE_INFOPLIST_FILE = NO;
				INFOPLIST_FILE = LivingRoomEdge/Info.plist;
				ASSETCATALOG_COMPILER_APPICON_NAME = AppIcon;
				LD_RUNPATH_SEARCH_PATHS = (
					"$(inherited)",
					"@executable_path/Frameworks",
				);
				MARKETING_VERSION = 0.2.0;
				PRODUCT_BUNDLE_IDENTIFIER = com.gaolei.livingroom.edge.iphone;
				PRODUCT_NAME = "$(TARGET_NAME)";
				SUPPORTED_PLATFORMS = "iphoneos iphonesimulator";
				SUPPORTS_MACCATALYST = NO;
				SWIFT_EMIT_LOC_STRINGS = YES;
				TARGETED_DEVICE_FAMILY = "1,2";
			};
			name = Debug;
		};
		A4DADC9C7382444290B9BFD5 /* Release */ = {
			isa = XCBuildConfiguration;
			buildSettings = {
				CODE_SIGN_STYLE = Automatic;
				CURRENT_PROJECT_VERSION = 5;
				DEVELOPMENT_TEAM = "";
				ENABLE_PREVIEWS = YES;
				GENERATE_INFOPLIST_FILE = NO;
				INFOPLIST_FILE = LivingRoomEdge/Info.plist;
				ASSETCATALOG_COMPILER_APPICON_NAME = AppIcon;
				LD_RUNPATH_SEARCH_PATHS = (
					"$(inherited)",
					"@executable_path/Frameworks",
				);
				MARKETING_VERSION = 0.2.0;
				PRODUCT_BUNDLE_IDENTIFIER = com.gaolei.livingroom.edge.iphone;
				PRODUCT_NAME = "$(TARGET_NAME)";
				SUPPORTED_PLATFORMS = "iphoneos iphonesimulator";
				SUPPORTS_MACCATALYST = NO;
				SWIFT_EMIT_LOC_STRINGS = YES;
				TARGETED_DEVICE_FAMILY = "1,2";
			};
			name = Release;
		};
/* End XCBuildConfiguration section */

/* Begin XCConfigurationList section */
		9BFA8C270A1B452A9CB7C28F /* Build configuration list for PBXProject "LivingRoomEdge" */ = {
			isa = XCConfigurationList;
			buildConfigurations = (
				B1E0DD3C101D4E07A2BFE246 /* Debug */,
				C1FAE6F44585491EA36D188C /* Release */,
			);
			defaultConfigurationIsVisible = 0;
			defaultConfigurationName = Release;
		};
		E9DBA2A5FD524736A691C733 /* Build configuration list for PBXNativeTarget "LivingRoomEdge" */ = {
			isa = XCConfigurationList;
			buildConfigurations = (
				F13604CE7E924C958ABDE768 /* Debug */,
				A4DADC9C7382444290B9BFD5 /* Release */,
			);
			defaultConfigurationIsVisible = 0;
			defaultConfigurationName = Release;
		};
/* End XCConfigurationList section */
	};
	rootObject = 50E349D883E741E2BC8B3487 /* Project object */;
}
